// !$*UTF8*$!
{
	archiveVersion = 1;
	classes = {
	};
	objectVersion = 50;
	objects = {

/* Begin PBXBuildFile section */
		503FF3FA2453123900D944A8 /* Board.swift in Sources */ = {isa = PBXBuildFile; fileRef = 503FF3F92453123900D944A8 /* Board.swift */; };
		D636B39F23D35043007F370F /* DiskView.swift in Sources */ = {isa = PBXBuildFile; fileRef = D636B39E23D35043007F370F /* DiskView.swift */; };
		D642BDB423A9FE4500396732 /* AppDelegate.swift in Sources */ = {isa = PBXBuildFile; fileRef = D642BDB323A9FE4500396732 /* AppDelegate.swift */; };
		D642BDB623A9FE4500396732 /* SceneDelegate.swift in Sources */ = {isa = PBXBuildFile; fileRef = D642BDB523A9FE4500396732 /* SceneDelegate.swift */; };
		D642BDB823A9FE4500396732 /* ViewController.swift in Sources */ = {isa = PBXBuildFile; fileRef = D642BDB723A9FE4500396732 /* ViewController.swift */; };
		D642BDBB23A9FE4500396732 /* Main.storyboard in Resources */ = {isa = PBXBuildFile; fileRef = D642BDB923A9FE4500396732 /* Main.storyboard */; };
		D642BDBD23A9FE4700396732 /* Assets.xcassets in Resources */ = {isa = PBXBuildFile; fileRef = D642BDBC23A9FE4700396732 /* Assets.xcassets */; };
		D642BDC023A9FE4700396732 /* LaunchScreen.storyboard in Resources */ = {isa = PBXBuildFile; fileRef = D642BDBE23A9FE4700396732 /* LaunchScreen.storyboard */; };
		D642BDCB23A9FE4700396732 /* ReversiTests.swift in Sources */ = {isa = PBXBuildFile; fileRef = D642BDCA23A9FE4700396732 /* ReversiTests.swift */; };
		D642BDD623AA0B3900396732 /* CellView.swift in Sources */ = {isa = PBXBuildFile; fileRef = D642BDD523AA0B3900396732 /* CellView.swift */; };
		D642BDD823AA0B5700396732 /* Disk.swift in Sources */ = {isa = PBXBuildFile; fileRef = D642BDD723AA0B5700396732 /* Disk.swift */; };
		D642BDDC23AA137C00396732 /* BoardView.swift in Sources */ = {isa = PBXBuildFile; fileRef = D642BDDB23AA137C00396732 /* BoardView.swift */; };
/* End PBXBuildFile section */

/* Begin PBXContainerItemProxy section */
		D642BDC723A9FE4700396732 /* PBXContainerItemProxy */ = {
			isa = PBXContainerItemProxy;
			containerPortal = D642BDA823A9FE4500396732 /* Project object */;
			proxyType = 1;
			remoteGlobalIDString = D642BDAF23A9FE4500396732;
			remoteInfo = Reversi;
		};
/* End PBXContainerItemProxy section */

/* Begin PBXFileReference section */
		503FF3F92453123900D944A8 /* Board.swift */ = {isa = PBXFileReference; lastKnownFileType = sourcecode.swift; path = Board.swift; sourceTree = "<group>"; };
		D636B39E23D35043007F370F /* DiskView.swift */ = {isa = PBXFileReference; lastKnownFileType = sourcecode.swift; path = DiskView.swift; sourceTree = "<group>"; };
		D642BDB023A9FE4500396732 /* Reversi.app */ = {isa = PBXFileReference; explicitFileType = wrapper.application; includeInIndex = 0; path = Reversi.app; sourceTree = BUILT_PRODUCTS_DIR; };
		D642BDB323A9FE4500396732 /* AppDelegate.swift */ = {isa = PBXFileReference; lastKnownFileType = sourcecode.swift; path = AppDelegate.swift; sourceTree = "<group>"; };
		D642BDB523A9FE4500396732 /* SceneDelegate.swift */ = {isa = PBXFileReference; lastKnownFileType = sourcecode.swift; path = SceneDelegate.swift; sourceTree = "<group>"; };
		D642BDB723A9FE4500396732 /* ViewController.swift */ = {isa = PBXFileReference; lastKnownFileType = sourcecode.swift; path = ViewController.swift; sourceTree = "<group>"; };
		D642BDBA23A9FE4500396732 /* Base */ = {isa = PBXFileReference; lastKnownFileType = file.storyboard; name = Base; path = Base.lproj/Main.storyboard; sourceTree = "<group>"; };
		D642BDBC23A9FE4700396732 /* Assets.xcassets */ = {isa = PBXFileReference; lastKnownFileType = folder.assetcatalog; path = Assets.xcassets; sourceTree = "<group>"; };
		D642BDBF23A9FE4700396732 /* Base */ = {isa = PBXFileReference; lastKnownFileType = file.storyboard; name = Base; path = Base.lproj/LaunchScreen.storyboard; sourceTree = "<group>"; };
		D642BDC123A9FE4700396732 /* Info.plist */ = {isa = PBXFileReference; lastKnownFileType = text.plist.xml; path = Info.plist; sourceTree = "<group>"; };
		D642BDC623A9FE4700396732 /* ReversiTests.xctest */ = {isa = PBXFileReference; explicitFileType = wrapper.cfbundle; includeInIndex = 0; path = ReversiTests.xctest; sourceTree = BUILT_PRODUCTS_DIR; };
		D642BDCA23A9FE4700396732 /* ReversiTests.swift */ = {isa = PBXFileReference; lastKnownFileType = sourcecode.swift; path = ReversiTests.swift; sourceTree = "<group>"; };
		D642BDCC23A9FE4700396732 /* Info.plist */ = {isa = PBXFileReference; lastKnownFileType = text.plist.xml; path = Info.plist; sourceTree = "<group>"; };
		D642BDD523AA0B3900396732 /* CellView.swift */ = {isa = PBXFileReference; lastKnownFileType = sourcecode.swift; path = CellView.swift; sourceTree = "<group>"; };
		D642BDD723AA0B5700396732 /* Disk.swift */ = {isa = PBXFileReference; lastKnownFileType = sourcecode.swift; path = Disk.swift; sourceTree = "<group>"; };
		D642BDDB23AA137C00396732 /* BoardView.swift */ = {isa = PBXFileReference; lastKnownFileType = sourcecode.swift; path = BoardView.swift; sourceTree = "<group>"; };
/* End PBXFileReference section */

/* Begin PBXFrameworksBuildPhase section */
		D642BDAD23A9FE4500396732 /* Frameworks */ = {
			isa = PBXFrameworksBuildPhase;
			buildActionMask = 2147483647;
			files = (
			);
			runOnlyForDeploymentPostprocessing = 0;
		};
		D642BDC323A9FE4700396732 /* Frameworks */ = {
			isa = PBXFrameworksBuildPhase;
			buildActionMask = 2147483647;
			files = (
			);
			runOnlyForDeploymentPostprocessing = 0;
		};
/* End PBXFrameworksBuildPhase section */

/* Begin PBXGroup section */
		D636B3A123D43203007F370F /* Views */ = {
			isa = PBXGroup;
			children = (
				D642BDDB23AA137C00396732 /* BoardView.swift */,
				D642BDD523AA0B3900396732 /* CellView.swift */,
				D636B39E23D35043007F370F /* DiskView.swift */,
			);
			name = Views;
			sourceTree = "<group>";
		};
		D636B3A423D432D3007F370F /* DataTypes */ = {
			isa = PBXGroup;
			children = (
				D642BDD723AA0B5700396732 /* Disk.swift */,
			);
			name = DataTypes;
			sourceTree = "<group>";
		};
		D642BDA723A9FE4500396732 = {
			isa = PBXGroup;
			children = (
				D642BDB223A9FE4500396732 /* Reversi */,
				D642BDC923A9FE4700396732 /* ReversiTests */,
				D642BDB123A9FE4500396732 /* Products */,
			);
			sourceTree = "<group>";
		};
		D642BDB123A9FE4500396732 /* Products */ = {
			isa = PBXGroup;
			children = (
				D642BDB023A9FE4500396732 /* Reversi.app */,
				D642BDC623A9FE4700396732 /* ReversiTests.xctest */,
			);
			name = Products;
			sourceTree = "<group>";
		};
		D642BDB223A9FE4500396732 /* Reversi */ = {
			isa = PBXGroup;
			children = (
				D642BDB323A9FE4500396732 /* AppDelegate.swift */,
				D642BDB523A9FE4500396732 /* SceneDelegate.swift */,
				D642BDB723A9FE4500396732 /* ViewController.swift */,
				503FF3F92453123900D944A8 /* Board.swift */,
				D642BDB923A9FE4500396732 /* Main.storyboard */,
				D642BDBC23A9FE4700396732 /* Assets.xcassets */,
				D642BDBE23A9FE4700396732 /* LaunchScreen.storyboard */,
				D642BDC123A9FE4700396732 /* Info.plist */,
				D636B3A123D43203007F370F /* Views */,
				D636B3A423D432D3007F370F /* DataTypes */,
			);
			path = Reversi;
			sourceTree = "<group>";
		};
		D642BDC923A9FE4700396732 /* ReversiTests */ = {
			isa = PBXGroup;
			children = (
				D642BDCA23A9FE4700396732 /* ReversiTests.swift */,
				D642BDCC23A9FE4700396732 /* Info.plist */,
			);
			path = ReversiTests;
			sourceTree = "<group>";
		};
/* End PBXGroup section */

/* Begin PBXNativeTarget section */
		D642BDAF23A9FE4500396732 /* Reversi */ = {
			isa = PBXNativeTarget;
			buildConfigurationList = D642BDCF23A9FE4800396732 /* Build configuration list for PBXNativeTarget "Reversi" */;
			buildPhases = (
				D642BDAC23A9FE4500396732 /* Sources */,
				D642BDAD23A9FE4500396732 /* Frameworks */,
				D642BDAE23A9FE4500396732 /* Resources */,
			);
			buildRules = (
			);
			dependencies = (
			);
			name = Reversi;
			productName = Reversi;
			productReference = D642BDB023A9FE4500396732 /* Reversi.app */;
			productType = "com.apple.product-type.application";
		};
		D642BDC523A9FE4700396732 /* ReversiTests */ = {
			isa = PBXNativeTarget;
			buildConfigurationList = D642BDD223A9FE4800396732 /* Build configuration list for PBXNativeTarget "ReversiTests" */;
			buildPhases = (
				D642BDC223A9FE4700396732 /* Sources */,
				D642BDC323A9FE4700396732 /* Frameworks */,
				D642BDC423A9FE4700396732 /* Resources */,
			);
			buildRules = (
			);
			dependencies = (
				D642BDC823A9FE4700396732 /* PBXTargetDependency */,
			);
			name = ReversiTests;
			productName = ReversiTests;
			productReference = D642BDC623A9FE4700396732 /* ReversiTests.xctest */;
			productType = "com.apple.product-type.bundle.unit-test";
		};
/* End PBXNativeTarget section */

/* Begin PBXProject section */
		D642BDA823A9FE4500396732 /* Project object */ = {
			isa = PBXProject;
			attributes = {
				LastSwiftUpdateCheck = 1130;
				LastUpgradeCheck = 1130;
				ORGANIZATIONNAME = "Yuta Koshizawa";
				TargetAttributes = {
					D642BDAF23A9FE4500396732 = {
						CreatedOnToolsVersion = 11.3;
					};
					D642BDC523A9FE4700396732 = {
						CreatedOnToolsVersion = 11.3;
						TestTargetID = D642BDAF23A9FE4500396732;
					};
				};
			};
			buildConfigurationList = D642BDAB23A9FE4500396732 /* Build configuration list for PBXProject "Reversi" */;
			compatibilityVersion = "Xcode 9.3";
			developmentRegion = en;
			hasScannedForEncodings = 0;
			knownRegions = (
				en,
				Base,
			);
			mainGroup = D642BDA723A9FE4500396732;
			productRefGroup = D642BDB123A9FE4500396732 /* Products */;
			projectDirPath = "";
			projectRoot = "";
			targets = (
				D642BDAF23A9FE4500396732 /* Reversi */,
				D642BDC523A9FE4700396732 /* ReversiTests */,
			);
		};
/* End PBXProject section */

/* Begin PBXResourcesBuildPhase section */
		D642BDAE23A9FE4500396732 /* Resources */ = {
			isa = PBXResourcesBuildPhase;
			buildActionMask = 2147483647;
			files = (
				D642BDC023A9FE4700396732 /* LaunchScreen.storyboard in Resources */,
				D642BDBD23A9FE4700396732 /* Assets.xcassets in Resources */,
				D642BDBB23A9FE4500396732 /* Main.storyboard in Resources */,
			);
			runOnlyForDeploymentPostprocessing = 0;
		};
		D642BDC423A9FE4700396732 /* Resources */ = {
			isa = PBXResourcesBuildPhase;
			buildActionMask = 2147483647;
			files = (
			);
			runOnlyForDeploymentPostprocessing = 0;
		};
/* End PBXResourcesBuildPhase section */

/* Begin PBXSourcesBuildPhase section */
		D642BDAC23A9FE4500396732 /* Sources */ = {
			isa = PBXSourcesBuildPhase;
			buildActionMask = 2147483647;
			files = (
				D636B39F23D35043007F370F /* DiskView.swift in Sources */,
				D642BDD623AA0B3900396732 /* CellView.swift in Sources */,
				D642BDD823AA0B5700396732 /* Disk.swift in Sources */,
				D642BDB823A9FE4500396732 /* ViewController.swift in Sources */,
				D642BDDC23AA137C00396732 /* BoardView.swift in Sources */,
				D642BDB423A9FE4500396732 /* AppDelegate.swift in Sources */,
				503FF3FA2453123900D944A8 /* Board.swift in Sources */,
				D642BDB623A9FE4500396732 /* SceneDelegate.swift in Sources */,
			);
			runOnlyForDeploymentPostprocessing = 0;
		};
		D642BDC223A9FE4700396732 /* Sources */ = {
			isa = PBXSourcesBuildPhase;
			buildActionMask = 2147483647;
			files = (
				D642BDCB23A9FE4700396732 /* ReversiTests.swift in Sources */,
			);
			runOnlyForDeploymentPostprocessing = 0;
		};
/* End PBXSourcesBuildPhase section */

/* Begin PBXTargetDependency section */
		D642BDC823A9FE4700396732 /* PBXTargetDependency */ = {
			isa = PBXTargetDependency;
			target = D642BDAF23A9FE4500396732 /* Reversi */;
			targetProxy = D642BDC723A9FE4700396732 /* PBXContainerItemProxy */;
		};
/* End PBXTargetDependency section */

/* Begin PBXVariantGroup section */
		D642BDB923A9FE4500396732 /* Main.storyboard */ = {
			isa = PBXVariantGroup;
			children = (
				D642BDBA23A9FE4500396732 /* Base */,
			);
			name = Main.storyboard;
			sourceTree = "<group>";
		};
		D642BDBE23A9FE4700396732 /* LaunchScreen.storyboard */ = {
			isa = PBXVariantGroup;
			children = (
				D642BDBF23A9FE4700396732 /* Base */,
			);
			name = LaunchScreen.storyboard;
			sourceTree = "<group>";
		};
/* End PBXVariantGroup section */

/* Begin XCBuildConfiguration section */
		D642BDCD23A9FE4800396732 /* Debug */ = {
			isa = XCBuildConfiguration;
			buildSettings = {
				ALWAYS_SEARCH_USER_PATHS = NO;
				CLANG_ANALYZER_NONNULL = YES;
				CLANG_ANALYZER_NUMBER_OBJECT_CONVERSION = YES_AGGRESSIVE;
				CLANG_CXX_LANGUAGE_STANDARD = "gnu++14";
				CLANG_CXX_LIBRARY = "libc++";
				CLANG_ENABLE_MODULES = YES;
				CLANG_ENABLE_OBJC_ARC = YES;
				CLANG_ENABLE_OBJC_WEAK = YES;
				CLANG_WARN_BLOCK_CAPTURE_AUTORELEASING = YES;
				CLANG_WARN_BOOL_CONVERSION = YES;
				CLANG_WARN_COMMA = YES;
				CLANG_WARN_CONSTANT_CONVERSION = YES;
				CLANG_WARN_DEPRECATED_OBJC_IMPLEMENTATIONS = YES;
				CLANG_WARN_DIRECT_OBJC_ISA_USAGE = YES_ERROR;
				CLANG_WARN_DOCUMENTATION_COMMENTS = YES;
				CLANG_WARN_EMPTY_BODY = YES;
				CLANG_WARN_ENUM_CONVERSION = YES;
				CLANG_WARN_INFINITE_RECURSION = YES;
				CLANG_WARN_INT_CONVERSION = YES;
				CLANG_WARN_NON_LITERAL_NULL_CONVERSION = YES;
				CLANG_WARN_OBJC_IMPLICIT_RETAIN_SELF = YES;
				CLANG_WARN_OBJC_LITERAL_CONVERSION = YES;
				CLANG_WARN_OBJC_ROOT_CLASS = YES_ERROR;
				CLANG_WARN_RANGE_LOOP_ANALYSIS = YES;
				CLANG_WARN_STRICT_PROTOTYPES = YES;
				CLANG_WARN_SUSPICIOUS_MOVE = YES;
				CLANG_WARN_UNGUARDED_AVAILABILITY = YES_AGGRESSIVE;
				CLANG_WARN_UNREACHABLE_CODE = YES;
				CLANG_WARN__DUPLICATE_METHOD_MATCH = YES;
				COPY_PHASE_STRIP = NO;
				DEBUG_INFORMATION_FORMAT = dwarf;
				ENABLE_STRICT_OBJC_MSGSEND = YES;
				ENABLE_TESTABILITY = YES;
				GCC_C_LANGUAGE_STANDARD = gnu11;
				GCC_DYNAMIC_NO_PIC = NO;
				GCC_NO_COMMON_BLOCKS = YES;
				GCC_OPTIMIZATION_LEVEL = 0;
				GCC_PREPROCESSOR_DEFINITIONS = (
					"DEBUG=1",
					"$(inherited)",
				);
				GCC_WARN_64_TO_32_BIT_CONVERSION = YES;
				GCC_WARN_ABOUT_RETURN_TYPE = YES_ERROR;
				GCC_WARN_UNDECLARED_SELECTOR = YES;
				GCC_WARN_UNINITIALIZED_AUTOS = YES_AGGRESSIVE;
				GCC_WARN_UNUSED_FUNCTION = YES;
				GCC_WARN_UNUSED_VARIABLE = YES;
				MTL_ENABLE_DEBUG_INFO = INCLUDE_SOURCE;
				MTL_FAST_MATH = YES;
				ONLY_ACTIVE_ARCH = YES;
				SDKROOT = iphoneos;
				SWIFT_ACTIVE_COMPILATION_CONDITIONS = DEBUG;
				SWIFT_OPTIMIZATION_LEVEL = "-Onone";
			};
			name = Debug;
		};
		D642BDCE23A9FE4800396732 /* Release */ = {
			isa = XCBuildConfiguration;
			buildSettings = {
				ALWAYS_SEARCH_USER_PATHS = NO;
				CLANG_ANALYZER_NONNULL = YES;
				CLANG_ANALYZER_NUMBER_OBJECT_CONVERSION = YES_AGGRESSIVE;
				CLANG_CXX_LANGUAGE_STANDARD = "gnu++14";
				CLANG_CXX_LIBRARY = "libc++";
				CLANG_ENABLE_MODULES = YES;
				CLANG_ENABLE_OBJC_ARC = YES;
				CLANG_ENABLE_OBJC_WEAK = YES;
				CLANG_WARN_BLOCK_CAPTURE_AUTORELEASING = YES;
				CLANG_WARN_BOOL_CONVERSION = YES;
				CLANG_WARN_COMMA = YES;
				CLANG_WARN_CONSTANT_CONVERSION = YES;
				CLANG_WARN_DEPRECATED_OBJC_IMPLEMENTATIONS = YES;
				CLANG_WARN_DIRECT_OBJC_ISA_USAGE = YES_ERROR;
				CLANG_WARN_DOCUMENTATION_COMMENTS = YES;
				CLANG_WARN_EMPTY_BODY = YES;
				CLANG_WARN_ENUM_CONVERSION = YES;
				CLANG_WARN_INFINITE_RECURSION = YES;
				CLANG_WARN_INT_CONVERSION = YES;
				CLANG_WARN_NON_LITERAL_NULL_CONVERSION = YES;
				CLANG_WARN_OBJC_IMPLICIT_RETAIN_SELF = YES;
				CLANG_WARN_OBJC_LITERAL_CONVERSION = YES;
				CLANG_WARN_OBJC_ROOT_CLASS = YES_ERROR;
				CLANG_WARN_RANGE_LOOP_ANALYSIS = YES;
				CLANG_WARN_STRICT_PROTOTYPES = YES;
				CLANG_WARN_SUSPICIOUS_MOVE = YES;
				CLANG_WARN_UNGUARDED_AVAILABILITY = YES_AGGRESSIVE;
				CLANG_WARN_UNREACHABLE_CODE = YES;
				CLANG_WARN__DUPLICATE_METHOD_MATCH = YES;
				COPY_PHASE_STRIP = NO;
				DEBUG_INFORMATION_FORMAT = "dwarf-with-dsym";
				ENABLE_NS_ASSERTIONS = NO;
				ENABLE_STRICT_OBJC_MSGSEND = YES;
				GCC_C_LANGUAGE_STANDARD = gnu11;
				GCC_NO_COMMON_BLOCKS = YES;
				GCC_WARN_64_TO_32_BIT_CONVERSION = YES;
				GCC_WARN_ABOUT_RETURN_TYPE = YES_ERROR;
				GCC_WARN_UNDECLARED_SELECTOR = YES;
				GCC_WARN_UNINITIALIZED_AUTOS = YES_AGGRESSIVE;
				GCC_WARN_UNUSED_FUNCTION = YES;
				GCC_WARN_UNUSED_VARIABLE = YES;
				MTL_ENABLE_DEBUG_INFO = NO;
				MTL_FAST_MATH = YES;
				SDKROOT = iphoneos;
				SWIFT_COMPILATION_MODE = wholemodule;
				SWIFT_OPTIMIZATION_LEVEL = "-O";
				VALIDATE_PRODUCT = YES;
			};
			name = Release;
		};
		D642BDD023A9FE4800396732 /* Debug */ = {
			isa = XCBuildConfiguration;
			buildSettings = {
				ASSETCATALOG_COMPILER_APPICON_NAME = AppIcon;
				CODE_SIGN_STYLE = Automatic;
				INFOPLIST_FILE = Reversi/Info.plist;
				LD_RUNPATH_SEARCH_PATHS = (
					"$(inherited)",
					"@executable_path/Frameworks",
				);
				PRODUCT_BUNDLE_IDENTIFIER = org.koherent.Reversi;
				PRODUCT_NAME = "$(TARGET_NAME)";
				SWIFT_VERSION = 5.0;
				TARGETED_DEVICE_FAMILY = "1,2";
			};
			name = Debug;
		};
		D642BDD123A9FE4800396732 /* Release */ = {
			isa = XCBuildConfiguration;
			buildSettings = {
				ASSETCATALOG_COMPILER_APPICON_NAME = AppIcon;
				CODE_SIGN_STYLE = Automatic;
				INFOPLIST_FILE = Reversi/Info.plist;
				LD_RUNPATH_SEARCH_PATHS = (
					"$(inherited)",
					"@executable_path/Frameworks",
				);
				PRODUCT_BUNDLE_IDENTIFIER = org.koherent.Reversi;
				PRODUCT_NAME = "$(TARGET_NAME)";
				SWIFT_VERSION = 5.0;
				TARGETED_DEVICE_FAMILY = "1,2";
			};
			name = Release;
		};
		D642BDD323A9FE4800396732 /* Debug */ = {
			isa = XCBuildConfiguration;
			buildSettings = {
				ALWAYS_EMBED_SWIFT_STANDARD_LIBRARIES = YES;
				BUNDLE_LOADER = "$(TEST_HOST)";
				CODE_SIGN_STYLE = Automatic;
				INFOPLIST_FILE = ReversiTests/Info.plist;
				LD_RUNPATH_SEARCH_PATHS = (
					"$(inherited)",
					"@executable_path/Frameworks",
					"@loader_path/Frameworks",
				);
				PRODUCT_BUNDLE_IDENTIFIER = org.koherent.ReversiTests;
				PRODUCT_NAME = "$(TARGET_NAME)";
				SWIFT_VERSION = 5.0;
				TARGETED_DEVICE_FAMILY = "1,2";
				TEST_HOST = "$(BUILT_PRODUCTS_DIR)/Reversi.app/Reversi";
			};
			name = Debug;
		};
		D642BDD423A9FE4800396732 /* Release */ = {
			isa = XCBuildConfiguration;
			buildSettings = {
				ALWAYS_EMBED_SWIFT_STANDARD_LIBRARIES = YES;
				BUNDLE_LOADER = "$(TEST_HOST)";
				CODE_SIGN_STYLE = Automatic;
				INFOPLIST_FILE = ReversiTests/Info.plist;
				LD_RUNPATH_SEARCH_PATHS = (
					"$(inherited)",
					"@executable_path/Frameworks",
					"@loader_path/Frameworks",
				);
				PRODUCT_BUNDLE_IDENTIFIER = org.koherent.ReversiTests;
				PRODUCT_NAME = "$(TARGET_NAME)";
				SWIFT_VERSION = 5.0;
				TARGETED_DEVICE_FAMILY = "1,2";
				TEST_HOST = "$(BUILT_PRODUCTS_DIR)/Reversi.app/Reversi";
			};
			name = Release;
		};
/* End XCBuildConfiguration section */

/* Begin XCConfigurationList section */
		D642BDAB23A9FE4500396732 /* Build configuration list for PBXProject "Reversi" */ = {
			isa = XCConfigurationList;
			buildConfigurations = (
				D642BDCD23A9FE4800396732 /* Debug */,
				D642BDCE23A9FE4800396732 /* Release */,
			);
			defaultConfigurationIsVisible = 0;
			defaultConfigurationName = Release;
		};
		D642BDCF23A9FE4800396732 /* Build configuration list for PBXNativeTarget "Reversi" */ = {
			isa = XCConfigurationList;
			buildConfigurations = (
				D642BDD023A9FE4800396732 /* Debug */,
				D642BDD123A9FE4800396732 /* Release */,
			);
			defaultConfigurationIsVisible = 0;
			defaultConfigurationName = Release;
		};
		D642BDD223A9FE4800396732 /* Build configuration list for PBXNativeTarget "ReversiTests" */ = {
			isa = XCConfigurationList;
			buildConfigurations = (
				D642BDD323A9FE4800396732 /* Debug */,
				D642BDD423A9FE4800396732 /* Release */,
			);
			defaultConfigurationIsVisible = 0;
			defaultConfigurationName = Release;
		};
/* End XCConfigurationList section */
	};
	rootObject = D642BDA823A9FE4500396732 /* Project object */;
}
