// !$*UTF8*$!
{
	archiveVersion = 1;
	classes = {
	};
	objectVersion = 50;
	objects = {

/* Begin PBXBuildFile section */
		2475E00A8B880AF9FCB06C3E /* GameCommand.swift in Sources */ = {isa = PBXBuildFile; fileRef = 2475EB9333CBE4CA58950978 /* GameCommand.swift */; };
		2475E035A3CB909BCF028CA0 /* Board.swift in Sources */ = {isa = PBXBuildFile; fileRef = 2475E8492ADFD05C832A303A /* Board.swift */; };
		2475E05736D921ED0EC7D942 /* AutoBackupGameModel.swift in Sources */ = {isa = PBXBuildFile; fileRef = 2475E8F784C03FD7AC667441 /* AutoBackupGameModel.swift */; };
		2475E091CE3E134E76EF659C /* DebugHub.swift in Sources */ = {isa = PBXBuildFile; fileRef = 2475E142A6D7B015A063558D /* DebugHub.swift */; };
		2475E0B89A65175594199125 /* UserDefaultsModel.swift in Sources */ = {isa = PBXBuildFile; fileRef = 2475E53DA4AACC3D6B4F6E02 /* UserDefaultsModel.swift */; };
		2475E0CB031F5E488BDA389E /* BoardAnimationStateTests.swift in Sources */ = {isa = PBXBuildFile; fileRef = 2475E25D9D8AE583B3750DB7 /* BoardAnimationStateTests.swift */; };
		2475E1097110032C7546F27E /* Buffer.swift in Sources */ = {isa = PBXBuildFile; fileRef = 2475EC07F37052A17AA7366E /* Buffer.swift */; };
		2475E11933C964B33F33E542 /* GameResult.swift in Sources */ = {isa = PBXBuildFile; fileRef = 2475EFEC4B2F667DAD06D2AB /* GameResult.swift */; };
		2475E159DC399070C5DC6B67 /* GameModel+AutomatableGameModel.swift in Sources */ = {isa = PBXBuildFile; fileRef = 2475E23C10D49C8FBB1622DB /* GameModel+AutomatableGameModel.swift */; };
		2475E17AE827ADAD8E8663D2 /* UserDefaultsModel.swift in Sources */ = {isa = PBXBuildFile; fileRef = 2475E53DA4AACC3D6B4F6E02 /* UserDefaultsModel.swift */; };
		2475E1AF01580F52E9321070 /* AutoBackupGameAutomatorAvailabilitiesModel.swift in Sources */ = {isa = PBXBuildFile; fileRef = 2475EC9C971EB276661799C4 /* AutoBackupGameAutomatorAvailabilitiesModel.swift */; };
		2475E1F1567B263948555352 /* GameAutomatorAvailability.swift in Sources */ = {isa = PBXBuildFile; fileRef = 2475EB1AD0D1719F0D0B6A52 /* GameAutomatorAvailability.swift */; };
		2475E2E4D050162733734321 /* DirectedDistance.swift in Sources */ = {isa = PBXBuildFile; fileRef = 2475ED668897EF467EE08698 /* DirectedDistance.swift */; };
		2475E35672DA9F322D97D098 /* Coordinate.swift in Sources */ = {isa = PBXBuildFile; fileRef = 2475E2B6FF9044DC5E40613B /* Coordinate.swift */; };
		2475E35DBC7C2281D30B1983 /* GameAutomatorAvailability.swift in Sources */ = {isa = PBXBuildFile; fileRef = 2475EB1AD0D1719F0D0B6A52 /* GameAutomatorAvailability.swift */; };
		2475E36087DF5F5D0978ED38 /* GameStateTests.swift in Sources */ = {isa = PBXBuildFile; fileRef = 2475EA334FA6F75F62EDBCDB /* GameStateTests.swift */; };
		2475E37B5C1642A693B92860 /* AutomatableGameModel.swift in Sources */ = {isa = PBXBuildFile; fileRef = 2475E5B70577460A8BEC04EF /* AutomatableGameModel.swift */; };
		2475E38D12B4C873F742C30E /* UserDefaultsKey.swift in Sources */ = {isa = PBXBuildFile; fileRef = 2475E7E4EF16A8E59CF40D04 /* UserDefaultsKey.swift */; };
		2475E392A5674315ED66E456 /* GameAutomatorModel.swift in Sources */ = {isa = PBXBuildFile; fileRef = 2475ECB80570053C43616EF9 /* GameAutomatorModel.swift */; };
		2475E3A47B5CFB81B779D955 /* GameAutomatorAvailabilities.swift in Sources */ = {isa = PBXBuildFile; fileRef = 2475E4AB3D00FDDF1C537BCC /* GameAutomatorAvailabilities.swift */; };
		2475E3D875BE608689025D5A /* UserDefaultsKey.swift in Sources */ = {isa = PBXBuildFile; fileRef = 2475E7E4EF16A8E59CF40D04 /* UserDefaultsKey.swift */; };
		2475E4500D2582E25E4D1404 /* UserDefaultsWriter.swift in Sources */ = {isa = PBXBuildFile; fileRef = 2475E35E92ECD4BC521FDBEF /* UserDefaultsWriter.swift */; };
		2475E468EBE2836072651A2E /* AutomatableGameModel.swift in Sources */ = {isa = PBXBuildFile; fileRef = 2475E5B70577460A8BEC04EF /* AutomatableGameModel.swift */; };
		2475E4BDAE1C3F5BC16E907C /* Turn.swift in Sources */ = {isa = PBXBuildFile; fileRef = 2475EEF0C7D7A2BC67CF46B1 /* Turn.swift */; };
		2475E4D654D45B45F28689C9 /* NonEmptyArray.swift in Sources */ = {isa = PBXBuildFile; fileRef = 2475E2662BBF14E5110EEBBA /* NonEmptyArray.swift */; };
		2475E4F22575F850B7C96220 /* GameAutomatorAvailabilities.swift in Sources */ = {isa = PBXBuildFile; fileRef = 2475E4AB3D00FDDF1C537BCC /* GameAutomatorAvailabilities.swift */; };
		2475E50E0F9901E899A102AF /* UserDefaultsJSON.swift in Sources */ = {isa = PBXBuildFile; fileRef = 2475E1A3786C826B2A82559B /* UserDefaultsJSON.swift */; };
		2475E5193FD0107A5C851BEB /* DiskCount.swift in Sources */ = {isa = PBXBuildFile; fileRef = 2475E45FD214D21616F9F3D4 /* DiskCount.swift */; };
		2475E51DB308346FD15DE272 /* BoardAnimationRequest.swift in Sources */ = {isa = PBXBuildFile; fileRef = 2475EB94156FD4E7BF590826 /* BoardAnimationRequest.swift */; };
		2475E58B9C5484F01BBBD194 /* Disk.swift in Sources */ = {isa = PBXBuildFile; fileRef = 2475E2E41C4CC1DA07D1ECB9 /* Disk.swift */; };
		2475E58C580A507B3531667D /* GameCommand.swift in Sources */ = {isa = PBXBuildFile; fileRef = 2475EB9333CBE4CA58950978 /* GameCommand.swift */; };
		2475E5AA623F43BA94F4FFEB /* BoardAnimationState.swift in Sources */ = {isa = PBXBuildFile; fileRef = 2475E95D369A8F870901A348 /* BoardAnimationState.swift */; };
		2475E5B7C412743C89C0AAC5 /* UserDefaultsReadWriter.swift in Sources */ = {isa = PBXBuildFile; fileRef = 2475EA6223B7D23992C4AAED /* UserDefaultsReadWriter.swift */; };
		2475E5E8DC11BAB11EC9AB8E /* AutoBackupGameAutomatorAvailabilitiesModel.swift in Sources */ = {isa = PBXBuildFile; fileRef = 2475EC9C971EB276661799C4 /* AutoBackupGameAutomatorAvailabilitiesModel.swift */; };
		2475E6103471F2B12056D059 /* FlippableLineTests.swift in Sources */ = {isa = PBXBuildFile; fileRef = 2475E87CFEEC6A63B771FDE1 /* FlippableLineTests.swift */; };
		2475E6835653DDC3E00178D0 /* AnimatedGameModel+AutomatableGameModel.swift in Sources */ = {isa = PBXBuildFile; fileRef = 2475EE8A31BB147638E92587 /* AnimatedGameModel+AutomatableGameModel.swift */; };
		2475E6AA931D621B29257C0E /* FlippableLine.swift in Sources */ = {isa = PBXBuildFile; fileRef = 2475E718B70A744E8B9B755F /* FlippableLine.swift */; };
		2475E6EF17E62F098970B0B2 /* Direction.swift in Sources */ = {isa = PBXBuildFile; fileRef = 2475ED53C479C5F788A93241 /* Direction.swift */; };
		2475E7232375C7DA9FDEC0E9 /* UserDefaultsReadWriter.swift in Sources */ = {isa = PBXBuildFile; fileRef = 2475EA6223B7D23992C4AAED /* UserDefaultsReadWriter.swift */; };
		2475E77475B158202B330A90 /* GameWithAutomatorsModel.swift in Sources */ = {isa = PBXBuildFile; fileRef = 2475E6EFECC6255BA79B6E3C /* GameWithAutomatorsModel.swift */; };
		2475E78990AE8AD9178B7F60 /* AnimatedGameModel.swift in Sources */ = {isa = PBXBuildFile; fileRef = 2475E4FB43589E80B06C8FEA /* AnimatedGameModel.swift */; };
		2475E78D379841F10136E5A5 /* Dump.swift in Sources */ = {isa = PBXBuildFile; fileRef = 2475E2DB59BB0E704991AE0A /* Dump.swift */; };
		2475E7B0D73DC312DEECE372 /* CoordinateSelector.swift in Sources */ = {isa = PBXBuildFile; fileRef = 2475EAA5AF4FEF83D04C9522 /* CoordinateSelector.swift */; };
		2475E7BCEB316E3CDF7C55AA /* AnimatedGameWithAutomatorsModel.swift in Sources */ = {isa = PBXBuildFile; fileRef = 2475E54E57F61ADB77E6AA26 /* AnimatedGameWithAutomatorsModel.swift */; };
		2475E8122EB35973908778FC /* GameModel+AutomatableGameModel.swift in Sources */ = {isa = PBXBuildFile; fileRef = 2475E23C10D49C8FBB1622DB /* GameModel+AutomatableGameModel.swift */; };
		2475E863BA3C1741CB3CA264 /* DebugHub.swift in Sources */ = {isa = PBXBuildFile; fileRef = 2475E142A6D7B015A063558D /* DebugHub.swift */; };
		2475E893CB2FF44001B96888 /* Coordinate.swift in Sources */ = {isa = PBXBuildFile; fileRef = 2475E2B6FF9044DC5E40613B /* Coordinate.swift */; };
		2475E8B16337CA7BFB01B78A /* UserDefaultsReader.swift in Sources */ = {isa = PBXBuildFile; fileRef = 2475EE619C964FF780ABCF01 /* UserDefaultsReader.swift */; };
		2475E8DDA4C748BB7BD0282A /* Distance.swift in Sources */ = {isa = PBXBuildFile; fileRef = 2475E2677BA62F2BE8C1561C /* Distance.swift */; };
		2475E953D7D3DBD334684281 /* DiskCount.swift in Sources */ = {isa = PBXBuildFile; fileRef = 2475E45FD214D21616F9F3D4 /* DiskCount.swift */; };
		2475E96434BC04F1913015E4 /* Buffer.swift in Sources */ = {isa = PBXBuildFile; fileRef = 2475EC07F37052A17AA7366E /* Buffer.swift */; };
		2475E9665E718E5841757F8E /* AnimatedGameWithAutomatorsModel.swift in Sources */ = {isa = PBXBuildFile; fileRef = 2475E54E57F61ADB77E6AA26 /* AnimatedGameWithAutomatorsModel.swift */; };
		2475E9756D1AD21DE51D8A52 /* UserDefaultsWriter.swift in Sources */ = {isa = PBXBuildFile; fileRef = 2475E35E92ECD4BC521FDBEF /* UserDefaultsWriter.swift */; };
		2475E9C8AA5CEA0CC0765307 /* Turn.swift in Sources */ = {isa = PBXBuildFile; fileRef = 2475EEF0C7D7A2BC67CF46B1 /* Turn.swift */; };
		2475E9DB4FF6C6B0053A46EC /* Disk.swift in Sources */ = {isa = PBXBuildFile; fileRef = 2475E2E41C4CC1DA07D1ECB9 /* Disk.swift */; };
		2475E9DEA9D16F32894FD92F /* Line.swift in Sources */ = {isa = PBXBuildFile; fileRef = 2475E1DDF292D05EA10573D6 /* Line.swift */; };
		2475E9F6C0476DE454759F68 /* GameWithAutomatorsModel.swift in Sources */ = {isa = PBXBuildFile; fileRef = 2475E6EFECC6255BA79B6E3C /* GameWithAutomatorsModel.swift */; };
		2475EA066BA84F6DFA8C0804 /* AnimatedGameModel.swift in Sources */ = {isa = PBXBuildFile; fileRef = 2475E4FB43589E80B06C8FEA /* AnimatedGameModel.swift */; };
		2475EA2504C6F6BC75996749 /* Direction.swift in Sources */ = {isa = PBXBuildFile; fileRef = 2475ED53C479C5F788A93241 /* Direction.swift */; };
		2475EA2DFF56E9778DF700BD /* GameState.swift in Sources */ = {isa = PBXBuildFile; fileRef = 2475EC45424CE1E4F728FD03 /* GameState.swift */; };
		2475EA67E965FF69A64739CF /* FlippableLine.swift in Sources */ = {isa = PBXBuildFile; fileRef = 2475E718B70A744E8B9B755F /* FlippableLine.swift */; };
		2475EA742B816D8999E570BC /* BoardAnimationTransaction.swift in Sources */ = {isa = PBXBuildFile; fileRef = 2475E2B8A7DB674C039EC92B /* BoardAnimationTransaction.swift */; };
		2475EA777DC30A6FFF33CD2D /* BoardAnimationRequest.swift in Sources */ = {isa = PBXBuildFile; fileRef = 2475EB94156FD4E7BF590826 /* BoardAnimationRequest.swift */; };
		2475EA805ABDA244F742B325 /* GameResult.swift in Sources */ = {isa = PBXBuildFile; fileRef = 2475EFEC4B2F667DAD06D2AB /* GameResult.swift */; };
		2475EA81216FC05D65F39E3E /* BoardAnimationTransaction.swift in Sources */ = {isa = PBXBuildFile; fileRef = 2475E2B8A7DB674C039EC92B /* BoardAnimationTransaction.swift */; };
		2475EAAC29BFE3AC28779777 /* DirectedDistance.swift in Sources */ = {isa = PBXBuildFile; fileRef = 2475ED668897EF467EE08698 /* DirectedDistance.swift */; };
		2475EAAFDF32986E479F435D /* UserDefaultsReader.swift in Sources */ = {isa = PBXBuildFile; fileRef = 2475EE619C964FF780ABCF01 /* UserDefaultsReader.swift */; };
		2475EAB67F373134F8214BCE /* Dump.swift in Sources */ = {isa = PBXBuildFile; fileRef = 2475E2DB59BB0E704991AE0A /* Dump.swift */; };
		2475EAD06A676486A03CCBD6 /* LineContents.swift in Sources */ = {isa = PBXBuildFile; fileRef = 2475E2B052D9DEB0EDAD6158 /* LineContents.swift */; };
		2475EBE2DB32B3ADA9661D8C /* NonEmptyArray.swift in Sources */ = {isa = PBXBuildFile; fileRef = 2475E2662BBF14E5110EEBBA /* NonEmptyArray.swift */; };
		2475EBEC42155D2FBA7E29E4 /* CoordinateSelector.swift in Sources */ = {isa = PBXBuildFile; fileRef = 2475EAA5AF4FEF83D04C9522 /* CoordinateSelector.swift */; };
		2475ED129C319613E0AF8768 /* BoardTests.swift in Sources */ = {isa = PBXBuildFile; fileRef = 2475EEC04F70898B0F79E92E /* BoardTests.swift */; };
		2475ED8C383AA777EC6EED37 /* BoardAnimationState.swift in Sources */ = {isa = PBXBuildFile; fileRef = 2475E95D369A8F870901A348 /* BoardAnimationState.swift */; };
		2475ED9A8D6E5CDC580968CE /* AnimatedGameModel+AutomatableGameModel.swift in Sources */ = {isa = PBXBuildFile; fileRef = 2475EE8A31BB147638E92587 /* AnimatedGameModel+AutomatableGameModel.swift */; };
		2475EDA9A2D451370133A408 /* UserDefaultsJSON.swift in Sources */ = {isa = PBXBuildFile; fileRef = 2475E1A3786C826B2A82559B /* UserDefaultsJSON.swift */; };
		2475EDE050F9CFD12F212456 /* LineContents.swift in Sources */ = {isa = PBXBuildFile; fileRef = 2475E2B052D9DEB0EDAD6158 /* LineContents.swift */; };
		2475EE1CE215D8D8F9EEFBA1 /* ModelTracker.swift in Sources */ = {isa = PBXBuildFile; fileRef = 2475E0F4848BAE0C7880C69D /* ModelTracker.swift */; };
		2475EE6A06278D28AE97C6D8 /* GameState.swift in Sources */ = {isa = PBXBuildFile; fileRef = 2475EC45424CE1E4F728FD03 /* GameState.swift */; };
		2475EE6C130A4DEFAC7D9DED /* Line.swift in Sources */ = {isa = PBXBuildFile; fileRef = 2475E1DDF292D05EA10573D6 /* Line.swift */; };
		2475EE9A70A94309A9280557 /* GameWithAutomatorsModelTests.swift in Sources */ = {isa = PBXBuildFile; fileRef = 2475E93B032B40C6A65EADA0 /* GameWithAutomatorsModelTests.swift */; };
		2475EEB04364C48AB60BE388 /* GameCommandReceivable.swift in Sources */ = {isa = PBXBuildFile; fileRef = 2475ED1972C4382FA1018742 /* GameCommandReceivable.swift */; };
		2475EF367B51235EC47D6DD6 /* Board.swift in Sources */ = {isa = PBXBuildFile; fileRef = 2475E8492ADFD05C832A303A /* Board.swift */; };
		2475EF49250CF39CF7338EEE /* ModelTracker.swift in Sources */ = {isa = PBXBuildFile; fileRef = 2475E0F4848BAE0C7880C69D /* ModelTracker.swift */; };
		2475EF8F9509D67D88FCBFB8 /* GameAutomatorModel.swift in Sources */ = {isa = PBXBuildFile; fileRef = 2475ECB80570053C43616EF9 /* GameAutomatorModel.swift */; };
		2475EFAEF531CE6B9DBD243E /* Distance.swift in Sources */ = {isa = PBXBuildFile; fileRef = 2475E2677BA62F2BE8C1561C /* Distance.swift */; };
		2475EFB6A314EBDE350B6231 /* GameCommandReceivable.swift in Sources */ = {isa = PBXBuildFile; fileRef = 2475ED1972C4382FA1018742 /* GameCommandReceivable.swift */; };
		2475EFF53B4561CB1922FBC0 /* AutoBackupGameModel.swift in Sources */ = {isa = PBXBuildFile; fileRef = 2475E8F784C03FD7AC667441 /* AutoBackupGameModel.swift */; };
		624D5F54245E9C9700C3EBFC /* ReversiCore.framework in Frameworks */ = {isa = PBXBuildFile; fileRef = 624D5F4B245E9C9700C3EBFC /* ReversiCore.framework */; };
		624D5F7B245E9CE000C3EBFC /* MirrorDiffKit.framework in Frameworks */ = {isa = PBXBuildFile; fileRef = 624D5F7A245E9CE000C3EBFC /* MirrorDiffKit.framework */; };
		624D5F7C245E9CE000C3EBFC /* MirrorDiffKit.framework in Embed Frameworks */ = {isa = PBXBuildFile; fileRef = 624D5F7A245E9CE000C3EBFC /* MirrorDiffKit.framework */; settings = {ATTRIBUTES = (CodeSignOnCopy, RemoveHeadersOnCopy, ); }; };
		624D5F7F245E9CF100C3EBFC /* ReactiveSwift.framework in Frameworks */ = {isa = PBXBuildFile; fileRef = 624D5F7E245E9CF100C3EBFC /* ReactiveSwift.framework */; };
		624D5F80245E9CF100C3EBFC /* ReactiveSwift.framework in Embed Frameworks */ = {isa = PBXBuildFile; fileRef = 624D5F7E245E9CF100C3EBFC /* ReactiveSwift.framework */; settings = {ATTRIBUTES = (CodeSignOnCopy, RemoveHeadersOnCopy, ); }; };
		624D5F82245E9D0D00C3EBFC /* ReactiveSwift.framework in Frameworks */ = {isa = PBXBuildFile; fileRef = 624D5F81245E9D0D00C3EBFC /* ReactiveSwift.framework */; };
		624D5F83245E9D0D00C3EBFC /* ReactiveSwift.framework in Embed Frameworks */ = {isa = PBXBuildFile; fileRef = 624D5F81245E9D0D00C3EBFC /* ReactiveSwift.framework */; settings = {ATTRIBUTES = (CodeSignOnCopy, RemoveHeadersOnCopy, ); }; };
		624D5F86245E9D1700C3EBFC /* MirrorDiffKit.framework in Frameworks */ = {isa = PBXBuildFile; fileRef = 624D5F85245E9D1700C3EBFC /* MirrorDiffKit.framework */; };
		624D5F87245E9D1700C3EBFC /* MirrorDiffKit.framework in Embed Frameworks */ = {isa = PBXBuildFile; fileRef = 624D5F85245E9D1700C3EBFC /* MirrorDiffKit.framework */; settings = {ATTRIBUTES = (CodeSignOnCopy, RemoveHeadersOnCopy, ); }; };
		62B7C52C246048BB006F58CE /* GameAutomatorAvailabilitiesModel.swift in Sources */ = {isa = PBXBuildFile; fileRef = 62B7C50A246048BB006F58CE /* GameAutomatorAvailabilitiesModel.swift */; };
		62B7C52D246048BB006F58CE /* GameAutomatorAvailabilitiesModel.swift in Sources */ = {isa = PBXBuildFile; fileRef = 62B7C50A246048BB006F58CE /* GameAutomatorAvailabilitiesModel.swift */; };
		62B7C52E246048BB006F58CE /* GameAutomator.swift in Sources */ = {isa = PBXBuildFile; fileRef = 62B7C50B246048BB006F58CE /* GameAutomator.swift */; };
		62B7C52F246048BB006F58CE /* GameAutomator.swift in Sources */ = {isa = PBXBuildFile; fileRef = 62B7C50B246048BB006F58CE /* GameAutomator.swift */; };
		62B7C53C246048BB006F58CE /* DiskCountModel.swift in Sources */ = {isa = PBXBuildFile; fileRef = 62B7C512246048BB006F58CE /* DiskCountModel.swift */; };
		62B7C53D246048BB006F58CE /* DiskCountModel.swift in Sources */ = {isa = PBXBuildFile; fileRef = 62B7C512246048BB006F58CE /* DiskCountModel.swift */; };
		62B7C53E246048BB006F58CE /* GameModel.swift in Sources */ = {isa = PBXBuildFile; fileRef = 62B7C513246048BB006F58CE /* GameModel.swift */; };
		62B7C53F246048BB006F58CE /* GameModel.swift in Sources */ = {isa = PBXBuildFile; fileRef = 62B7C513246048BB006F58CE /* GameModel.swift */; };
		62B7C56224610E7B006F58CE /* Hydra.framework in Frameworks */ = {isa = PBXBuildFile; fileRef = 62B7C56124610E7B006F58CE /* Hydra.framework */; };
		62B7C56324610E97006F58CE /* Hydra.framework in Frameworks */ = {isa = PBXBuildFile; fileRef = 62B7C56124610E7B006F58CE /* Hydra.framework */; };
/* End PBXBuildFile section */

/* Begin PBXContainerItemProxy section */
		624D5F55245E9C9700C3EBFC /* PBXContainerItemProxy */ = {
			isa = PBXContainerItemProxy;
			containerPortal = 624D5F17245E9BBE00C3EBFC /* Project object */;
			proxyType = 1;
			remoteGlobalIDString = 624D5F4A245E9C9700C3EBFC;
			remoteInfo = "ReversiCore-macOS";
		};
/* End PBXContainerItemProxy section */

/* Begin PBXCopyFilesBuildPhase section */
		624D5F7D245E9CE000C3EBFC /* Embed Frameworks */ = {
			isa = PBXCopyFilesBuildPhase;
			buildActionMask = 2147483647;
			dstPath = "";
			dstSubfolderSpec = 10;
			files = (
				624D5F7C245E9CE000C3EBFC /* MirrorDiffKit.framework in Embed Frameworks */,
				624D5F80245E9CF100C3EBFC /* ReactiveSwift.framework in Embed Frameworks */,
			);
			name = "Embed Frameworks";
			runOnlyForDeploymentPostprocessing = 0;
		};
		624D5F84245E9D0D00C3EBFC /* Embed Frameworks */ = {
			isa = PBXCopyFilesBuildPhase;
			buildActionMask = 2147483647;
			dstPath = "";
			dstSubfolderSpec = 10;
			files = (
				624D5F83245E9D0D00C3EBFC /* ReactiveSwift.framework in Embed Frameworks */,
				624D5F87245E9D1700C3EBFC /* MirrorDiffKit.framework in Embed Frameworks */,
			);
			name = "Embed Frameworks";
			runOnlyForDeploymentPostprocessing = 0;
		};
/* End PBXCopyFilesBuildPhase section */

/* Begin PBXFileReference section */
		2475E0F4848BAE0C7880C69D /* ModelTracker.swift */ = {isa = PBXFileReference; fileEncoding = 4; lastKnownFileType = sourcecode.swift; path = ModelTracker.swift; sourceTree = "<group>"; };
		2475E142A6D7B015A063558D /* DebugHub.swift */ = {isa = PBXFileReference; fileEncoding = 4; lastKnownFileType = sourcecode.swift; path = DebugHub.swift; sourceTree = "<group>"; };
		2475E1A3786C826B2A82559B /* UserDefaultsJSON.swift */ = {isa = PBXFileReference; fileEncoding = 4; lastKnownFileType = sourcecode.swift; path = UserDefaultsJSON.swift; sourceTree = "<group>"; };
		2475E1DDF292D05EA10573D6 /* Line.swift */ = {isa = PBXFileReference; fileEncoding = 4; lastKnownFileType = sourcecode.swift; path = Line.swift; sourceTree = "<group>"; };
		2475E23C10D49C8FBB1622DB /* GameModel+AutomatableGameModel.swift */ = {isa = PBXFileReference; fileEncoding = 4; lastKnownFileType = sourcecode.swift; path = "GameModel+AutomatableGameModel.swift"; sourceTree = "<group>"; };
		2475E25D9D8AE583B3750DB7 /* BoardAnimationStateTests.swift */ = {isa = PBXFileReference; fileEncoding = 4; lastKnownFileType = sourcecode.swift; path = BoardAnimationStateTests.swift; sourceTree = "<group>"; };
		2475E2662BBF14E5110EEBBA /* NonEmptyArray.swift */ = {isa = PBXFileReference; fileEncoding = 4; lastKnownFileType = sourcecode.swift; path = NonEmptyArray.swift; sourceTree = "<group>"; };
		2475E2677BA62F2BE8C1561C /* Distance.swift */ = {isa = PBXFileReference; fileEncoding = 4; lastKnownFileType = sourcecode.swift; path = Distance.swift; sourceTree = "<group>"; };
		2475E2B052D9DEB0EDAD6158 /* LineContents.swift */ = {isa = PBXFileReference; fileEncoding = 4; lastKnownFileType = sourcecode.swift; path = LineContents.swift; sourceTree = "<group>"; };
		2475E2B6FF9044DC5E40613B /* Coordinate.swift */ = {isa = PBXFileReference; fileEncoding = 4; lastKnownFileType = sourcecode.swift; path = Coordinate.swift; sourceTree = "<group>"; };
		2475E2B8A7DB674C039EC92B /* BoardAnimationTransaction.swift */ = {isa = PBXFileReference; fileEncoding = 4; lastKnownFileType = sourcecode.swift; path = BoardAnimationTransaction.swift; sourceTree = "<group>"; };
		2475E2DB59BB0E704991AE0A /* Dump.swift */ = {isa = PBXFileReference; fileEncoding = 4; lastKnownFileType = sourcecode.swift; path = Dump.swift; sourceTree = "<group>"; };
		2475E2E41C4CC1DA07D1ECB9 /* Disk.swift */ = {isa = PBXFileReference; fileEncoding = 4; lastKnownFileType = sourcecode.swift; path = Disk.swift; sourceTree = "<group>"; };
		2475E35E92ECD4BC521FDBEF /* UserDefaultsWriter.swift */ = {isa = PBXFileReference; fileEncoding = 4; lastKnownFileType = sourcecode.swift; path = UserDefaultsWriter.swift; sourceTree = "<group>"; };
		2475E45FD214D21616F9F3D4 /* DiskCount.swift */ = {isa = PBXFileReference; fileEncoding = 4; lastKnownFileType = sourcecode.swift; path = DiskCount.swift; sourceTree = "<group>"; };
		2475E49A60BBCADFDB456218 /* README.md */ = {isa = PBXFileReference; fileEncoding = 4; lastKnownFileType = net.daringfireball.markdown; path = README.md; sourceTree = "<group>"; };
		2475E4AB3D00FDDF1C537BCC /* GameAutomatorAvailabilities.swift */ = {isa = PBXFileReference; fileEncoding = 4; lastKnownFileType = sourcecode.swift; path = GameAutomatorAvailabilities.swift; sourceTree = "<group>"; };
		2475E4FB43589E80B06C8FEA /* AnimatedGameModel.swift */ = {isa = PBXFileReference; fileEncoding = 4; lastKnownFileType = sourcecode.swift; path = AnimatedGameModel.swift; sourceTree = "<group>"; };
		2475E53DA4AACC3D6B4F6E02 /* UserDefaultsModel.swift */ = {isa = PBXFileReference; fileEncoding = 4; lastKnownFileType = sourcecode.swift; path = UserDefaultsModel.swift; sourceTree = "<group>"; };
		2475E54E57F61ADB77E6AA26 /* AnimatedGameWithAutomatorsModel.swift */ = {isa = PBXFileReference; fileEncoding = 4; lastKnownFileType = sourcecode.swift; path = AnimatedGameWithAutomatorsModel.swift; sourceTree = "<group>"; };
		2475E5B70577460A8BEC04EF /* AutomatableGameModel.swift */ = {isa = PBXFileReference; fileEncoding = 4; lastKnownFileType = sourcecode.swift; path = AutomatableGameModel.swift; sourceTree = "<group>"; };
		2475E6EFECC6255BA79B6E3C /* GameWithAutomatorsModel.swift */ = {isa = PBXFileReference; fileEncoding = 4; lastKnownFileType = sourcecode.swift; path = GameWithAutomatorsModel.swift; sourceTree = "<group>"; };
		2475E718B70A744E8B9B755F /* FlippableLine.swift */ = {isa = PBXFileReference; fileEncoding = 4; lastKnownFileType = sourcecode.swift; path = FlippableLine.swift; sourceTree = "<group>"; };
		2475E7E4EF16A8E59CF40D04 /* UserDefaultsKey.swift */ = {isa = PBXFileReference; fileEncoding = 4; lastKnownFileType = sourcecode.swift; path = UserDefaultsKey.swift; sourceTree = "<group>"; };
		2475E8492ADFD05C832A303A /* Board.swift */ = {isa = PBXFileReference; fileEncoding = 4; lastKnownFileType = sourcecode.swift; path = Board.swift; sourceTree = "<group>"; };
		2475E87CFEEC6A63B771FDE1 /* FlippableLineTests.swift */ = {isa = PBXFileReference; fileEncoding = 4; lastKnownFileType = sourcecode.swift; path = FlippableLineTests.swift; sourceTree = "<group>"; };
		2475E8F784C03FD7AC667441 /* AutoBackupGameModel.swift */ = {isa = PBXFileReference; fileEncoding = 4; lastKnownFileType = sourcecode.swift; path = AutoBackupGameModel.swift; sourceTree = "<group>"; };
		2475E93B032B40C6A65EADA0 /* GameWithAutomatorsModelTests.swift */ = {isa = PBXFileReference; fileEncoding = 4; lastKnownFileType = sourcecode.swift; path = GameWithAutomatorsModelTests.swift; sourceTree = "<group>"; };
		2475E95D369A8F870901A348 /* BoardAnimationState.swift */ = {isa = PBXFileReference; fileEncoding = 4; lastKnownFileType = sourcecode.swift; path = BoardAnimationState.swift; sourceTree = "<group>"; };
		2475EA334FA6F75F62EDBCDB /* GameStateTests.swift */ = {isa = PBXFileReference; fileEncoding = 4; lastKnownFileType = sourcecode.swift; path = GameStateTests.swift; sourceTree = "<group>"; };
		2475EA6223B7D23992C4AAED /* UserDefaultsReadWriter.swift */ = {isa = PBXFileReference; fileEncoding = 4; lastKnownFileType = sourcecode.swift; path = UserDefaultsReadWriter.swift; sourceTree = "<group>"; };
		2475EAA5AF4FEF83D04C9522 /* CoordinateSelector.swift */ = {isa = PBXFileReference; fileEncoding = 4; lastKnownFileType = sourcecode.swift; path = CoordinateSelector.swift; sourceTree = "<group>"; };
		2475EB1AD0D1719F0D0B6A52 /* GameAutomatorAvailability.swift */ = {isa = PBXFileReference; fileEncoding = 4; lastKnownFileType = sourcecode.swift; path = GameAutomatorAvailability.swift; sourceTree = "<group>"; };
		2475EB9333CBE4CA58950978 /* GameCommand.swift */ = {isa = PBXFileReference; fileEncoding = 4; lastKnownFileType = sourcecode.swift; path = GameCommand.swift; sourceTree = "<group>"; };
		2475EB94156FD4E7BF590826 /* BoardAnimationRequest.swift */ = {isa = PBXFileReference; fileEncoding = 4; lastKnownFileType = sourcecode.swift; path = BoardAnimationRequest.swift; sourceTree = "<group>"; };
		2475EC07F37052A17AA7366E /* Buffer.swift */ = {isa = PBXFileReference; fileEncoding = 4; lastKnownFileType = sourcecode.swift; path = Buffer.swift; sourceTree = "<group>"; };
		2475EC45424CE1E4F728FD03 /* GameState.swift */ = {isa = PBXFileReference; fileEncoding = 4; lastKnownFileType = sourcecode.swift; path = GameState.swift; sourceTree = "<group>"; };
		2475EC9C971EB276661799C4 /* AutoBackupGameAutomatorAvailabilitiesModel.swift */ = {isa = PBXFileReference; fileEncoding = 4; lastKnownFileType = sourcecode.swift; path = AutoBackupGameAutomatorAvailabilitiesModel.swift; sourceTree = "<group>"; };
		2475ECB80570053C43616EF9 /* GameAutomatorModel.swift */ = {isa = PBXFileReference; fileEncoding = 4; lastKnownFileType = sourcecode.swift; path = GameAutomatorModel.swift; sourceTree = "<group>"; };
		2475ED1972C4382FA1018742 /* GameCommandReceivable.swift */ = {isa = PBXFileReference; fileEncoding = 4; lastKnownFileType = sourcecode.swift; path = GameCommandReceivable.swift; sourceTree = "<group>"; };
		2475ED53C479C5F788A93241 /* Direction.swift */ = {isa = PBXFileReference; fileEncoding = 4; lastKnownFileType = sourcecode.swift; path = Direction.swift; sourceTree = "<group>"; };
		2475ED668897EF467EE08698 /* DirectedDistance.swift */ = {isa = PBXFileReference; fileEncoding = 4; lastKnownFileType = sourcecode.swift; path = DirectedDistance.swift; sourceTree = "<group>"; };
		2475EE619C964FF780ABCF01 /* UserDefaultsReader.swift */ = {isa = PBXFileReference; fileEncoding = 4; lastKnownFileType = sourcecode.swift; path = UserDefaultsReader.swift; sourceTree = "<group>"; };
		2475EE8A31BB147638E92587 /* AnimatedGameModel+AutomatableGameModel.swift */ = {isa = PBXFileReference; fileEncoding = 4; lastKnownFileType = sourcecode.swift; path = "AnimatedGameModel+AutomatableGameModel.swift"; sourceTree = "<group>"; };
		2475EEC04F70898B0F79E92E /* BoardTests.swift */ = {isa = PBXFileReference; fileEncoding = 4; lastKnownFileType = sourcecode.swift; path = BoardTests.swift; sourceTree = "<group>"; };
		2475EEF0C7D7A2BC67CF46B1 /* Turn.swift */ = {isa = PBXFileReference; fileEncoding = 4; lastKnownFileType = sourcecode.swift; path = Turn.swift; sourceTree = "<group>"; };
		2475EFEC4B2F667DAD06D2AB /* GameResult.swift */ = {isa = PBXFileReference; fileEncoding = 4; lastKnownFileType = sourcecode.swift; path = GameResult.swift; sourceTree = "<group>"; };
		624D5F2E245E9C4700C3EBFC /* ReversiCore.framework */ = {isa = PBXFileReference; explicitFileType = wrapper.framework; includeInIndex = 0; path = ReversiCore.framework; sourceTree = BUILT_PRODUCTS_DIR; };
		624D5F4B245E9C9700C3EBFC /* ReversiCore.framework */ = {isa = PBXFileReference; explicitFileType = wrapper.framework; includeInIndex = 0; path = ReversiCore.framework; sourceTree = BUILT_PRODUCTS_DIR; };
		624D5F53245E9C9700C3EBFC /* ReversiCore-macOSTests.xctest */ = {isa = PBXFileReference; explicitFileType = wrapper.cfbundle; includeInIndex = 0; path = "ReversiCore-macOSTests.xctest"; sourceTree = BUILT_PRODUCTS_DIR; };
		624D5F76245E9CCC00C3EBFC /* MirrorDiffKit.framework */ = {isa = PBXFileReference; explicitFileType = wrapper.framework; path = MirrorDiffKit.framework; sourceTree = BUILT_PRODUCTS_DIR; };
		624D5F7A245E9CE000C3EBFC /* MirrorDiffKit.framework */ = {isa = PBXFileReference; explicitFileType = wrapper.framework; path = MirrorDiffKit.framework; sourceTree = BUILT_PRODUCTS_DIR; };
		624D5F7E245E9CF100C3EBFC /* ReactiveSwift.framework */ = {isa = PBXFileReference; explicitFileType = wrapper.framework; path = ReactiveSwift.framework; sourceTree = BUILT_PRODUCTS_DIR; };
		624D5F81245E9D0D00C3EBFC /* ReactiveSwift.framework */ = {isa = PBXFileReference; explicitFileType = wrapper.framework; path = ReactiveSwift.framework; sourceTree = BUILT_PRODUCTS_DIR; };
		624D5F85245E9D1700C3EBFC /* MirrorDiffKit.framework */ = {isa = PBXFileReference; explicitFileType = wrapper.framework; path = MirrorDiffKit.framework; sourceTree = BUILT_PRODUCTS_DIR; };
		62B7C4F92460483A006F58CE /* ReversiCore.plist */ = {isa = PBXFileReference; lastKnownFileType = text.plist.xml; path = ReversiCore.plist; sourceTree = "<group>"; };
		62B7C4FA2460483A006F58CE /* ReversiCoreTests.plist */ = {isa = PBXFileReference; lastKnownFileType = text.plist.xml; path = ReversiCoreTests.plist; sourceTree = "<group>"; };
		62B7C50A246048BB006F58CE /* GameAutomatorAvailabilitiesModel.swift */ = {isa = PBXFileReference; fileEncoding = 4; lastKnownFileType = sourcecode.swift; path = GameAutomatorAvailabilitiesModel.swift; sourceTree = "<group>"; };
		62B7C50B246048BB006F58CE /* GameAutomator.swift */ = {isa = PBXFileReference; fileEncoding = 4; lastKnownFileType = sourcecode.swift; path = GameAutomator.swift; sourceTree = "<group>"; };
		62B7C512246048BB006F58CE /* DiskCountModel.swift */ = {isa = PBXFileReference; fileEncoding = 4; lastKnownFileType = sourcecode.swift; path = DiskCountModel.swift; sourceTree = "<group>"; };
		62B7C513246048BB006F58CE /* GameModel.swift */ = {isa = PBXFileReference; fileEncoding = 4; lastKnownFileType = sourcecode.swift; path = GameModel.swift; sourceTree = "<group>"; };
		62B7C56124610E7B006F58CE /* Hydra.framework */ = {isa = PBXFileReference; explicitFileType = wrapper.framework; path = Hydra.framework; sourceTree = BUILT_PRODUCTS_DIR; };
/* End PBXFileReference section */

/* Begin PBXFrameworksBuildPhase section */
		624D5F2B245E9C4700C3EBFC /* Frameworks */ = {
			isa = PBXFrameworksBuildPhase;
			buildActionMask = 2147483647;
			files = (
				62B7C56224610E7B006F58CE /* Hydra.framework in Frameworks */,
				624D5F7B245E9CE000C3EBFC /* MirrorDiffKit.framework in Frameworks */,
				624D5F7F245E9CF100C3EBFC /* ReactiveSwift.framework in Frameworks */,
			);
			runOnlyForDeploymentPostprocessing = 0;
		};
		624D5F48245E9C9700C3EBFC /* Frameworks */ = {
			isa = PBXFrameworksBuildPhase;
			buildActionMask = 2147483647;
			files = (
				624D5F82245E9D0D00C3EBFC /* ReactiveSwift.framework in Frameworks */,
				624D5F86245E9D1700C3EBFC /* MirrorDiffKit.framework in Frameworks */,
				62B7C56324610E97006F58CE /* Hydra.framework in Frameworks */,
			);
			runOnlyForDeploymentPostprocessing = 0;
		};
		624D5F50245E9C9700C3EBFC /* Frameworks */ = {
			isa = PBXFrameworksBuildPhase;
			buildActionMask = 2147483647;
			files = (
				624D5F54245E9C9700C3EBFC /* ReversiCore.framework in Frameworks */,
			);
			runOnlyForDeploymentPostprocessing = 0;
		};
/* End PBXFrameworksBuildPhase section */

/* Begin PBXGroup section */
		2475E4F1544B3A9B91B240DF /* DataTypes */ = {
			isa = PBXGroup;
			children = (
				2475E8492ADFD05C832A303A /* Board.swift */,
				2475EB94156FD4E7BF590826 /* BoardAnimationRequest.swift */,
				2475E95D369A8F870901A348 /* BoardAnimationState.swift */,
				2475E25D9D8AE583B3750DB7 /* BoardAnimationStateTests.swift */,
				2475E2B8A7DB674C039EC92B /* BoardAnimationTransaction.swift */,
				2475EEC04F70898B0F79E92E /* BoardTests.swift */,
				2475EC07F37052A17AA7366E /* Buffer.swift */,
				2475E2B6FF9044DC5E40613B /* Coordinate.swift */,
				2475EAA5AF4FEF83D04C9522 /* CoordinateSelector.swift */,
				2475ED668897EF467EE08698 /* DirectedDistance.swift */,
				2475ED53C479C5F788A93241 /* Direction.swift */,
				2475E2E41C4CC1DA07D1ECB9 /* Disk.swift */,
				2475E45FD214D21616F9F3D4 /* DiskCount.swift */,
				2475E2677BA62F2BE8C1561C /* Distance.swift */,
				2475E2DB59BB0E704991AE0A /* Dump.swift */,
				2475E718B70A744E8B9B755F /* FlippableLine.swift */,
				2475E87CFEEC6A63B771FDE1 /* FlippableLineTests.swift */,
				62B7C50B246048BB006F58CE /* GameAutomator.swift */,
				2475E4AB3D00FDDF1C537BCC /* GameAutomatorAvailabilities.swift */,
				2475EB1AD0D1719F0D0B6A52 /* GameAutomatorAvailability.swift */,
				2475EB9333CBE4CA58950978 /* GameCommand.swift */,
				2475EFEC4B2F667DAD06D2AB /* GameResult.swift */,
				2475EC45424CE1E4F728FD03 /* GameState.swift */,
				2475EA334FA6F75F62EDBCDB /* GameStateTests.swift */,
				2475E1DDF292D05EA10573D6 /* Line.swift */,
				2475E2B052D9DEB0EDAD6158 /* LineContents.swift */,
				2475E2662BBF14E5110EEBBA /* NonEmptyArray.swift */,
				2475EEF0C7D7A2BC67CF46B1 /* Turn.swift */,
				2475E1A3786C826B2A82559B /* UserDefaultsJSON.swift */,
				2475E7E4EF16A8E59CF40D04 /* UserDefaultsKey.swift */,
				2475EA6223B7D23992C4AAED /* UserDefaultsReadWriter.swift */,
				2475EE619C964FF780ABCF01 /* UserDefaultsReader.swift */,
				2475E35E92ECD4BC521FDBEF /* UserDefaultsWriter.swift */,
			);
			path = DataTypes;
			sourceTree = "<group>";
		};
		2475E6EBF022E1D24B90081D /* ModelAggregates */ = {
			isa = PBXGroup;
			children = (
				2475EE8A31BB147638E92587 /* AnimatedGameModel+AutomatableGameModel.swift */,
				2475E4FB43589E80B06C8FEA /* AnimatedGameModel.swift */,
				2475E54E57F61ADB77E6AA26 /* AnimatedGameWithAutomatorsModel.swift */,
				2475EC9C971EB276661799C4 /* AutoBackupGameAutomatorAvailabilitiesModel.swift */,
				2475E8F784C03FD7AC667441 /* AutoBackupGameModel.swift */,
				2475E6EFECC6255BA79B6E3C /* GameWithAutomatorsModel.swift */,
				2475E93B032B40C6A65EADA0 /* GameWithAutomatorsModelTests.swift */,
				2475E49A60BBCADFDB456218 /* README.md */,
			);
			path = ModelAggregates;
			sourceTree = "<group>";
		};
		624D5F16245E9BBE00C3EBFC = {
			isa = PBXGroup;
			children = (
				62B7C4F82460483A006F58CE /* Configs */,
				624D5F75245E9CCC00C3EBFC /* Frameworks */,
				624D5F2F245E9C4700C3EBFC /* Products */,
				62B7C4FC246048BB006F58CE /* ReversiCore */,
			);
			sourceTree = "<group>";
		};
		624D5F2F245E9C4700C3EBFC /* Products */ = {
			isa = PBXGroup;
			children = (
				624D5F2E245E9C4700C3EBFC /* ReversiCore.framework */,
				624D5F4B245E9C9700C3EBFC /* ReversiCore.framework */,
				624D5F53245E9C9700C3EBFC /* ReversiCore-macOSTests.xctest */,
			);
			name = Products;
			sourceTree = "<group>";
		};
		624D5F75245E9CCC00C3EBFC /* Frameworks */ = {
			isa = PBXGroup;
			children = (
				624D5F81245E9D0D00C3EBFC /* ReactiveSwift.framework */,
				624D5F85245E9D1700C3EBFC /* MirrorDiffKit.framework */,
				62B7C56124610E7B006F58CE /* Hydra.framework */,
				624D5F7A245E9CE000C3EBFC /* MirrorDiffKit.framework */,
				624D5F7E245E9CF100C3EBFC /* ReactiveSwift.framework */,
				624D5F76245E9CCC00C3EBFC /* MirrorDiffKit.framework */,
			);
			name = Frameworks;
			sourceTree = "<group>";
		};
		62B7C4F82460483A006F58CE /* Configs */ = {
			isa = PBXGroup;
			children = (
				62B7C4F92460483A006F58CE /* ReversiCore.plist */,
				62B7C4FA2460483A006F58CE /* ReversiCoreTests.plist */,
			);
			path = Configs;
			sourceTree = "<group>";
		};
		62B7C4FC246048BB006F58CE /* ReversiCore */ = {
			isa = PBXGroup;
			children = (
				62B7C4FD246048BB006F58CE /* MVCArchitecture */,
				2475E142A6D7B015A063558D /* DebugHub.swift */,
			);
			path = ReversiCore;
			sourceTree = "<group>";
		};
		62B7C4FD246048BB006F58CE /* MVCArchitecture */ = {
			isa = PBXGroup;
			children = (
				2475E4F1544B3A9B91B240DF /* DataTypes */,
				62B7C4FE246048BB006F58CE /* Models */,
			);
			path = MVCArchitecture;
			sourceTree = "<group>";
		};
		62B7C4FE246048BB006F58CE /* Models */ = {
			isa = PBXGroup;
			children = (
				2475E6EBF022E1D24B90081D /* ModelAggregates */,
				2475E5B70577460A8BEC04EF /* AutomatableGameModel.swift */,
				62B7C512246048BB006F58CE /* DiskCountModel.swift */,
				62B7C50A246048BB006F58CE /* GameAutomatorAvailabilitiesModel.swift */,
				2475ECB80570053C43616EF9 /* GameAutomatorModel.swift */,
				2475ED1972C4382FA1018742 /* GameCommandReceivable.swift */,
				2475E23C10D49C8FBB1622DB /* GameModel+AutomatableGameModel.swift */,
				62B7C513246048BB006F58CE /* GameModel.swift */,
				2475E0F4848BAE0C7880C69D /* ModelTracker.swift */,
				2475E53DA4AACC3D6B4F6E02 /* UserDefaultsModel.swift */,
			);
			path = Models;
			sourceTree = "<group>";
		};
/* End PBXGroup section */

/* Begin PBXHeadersBuildPhase section */
		624D5F29245E9C4700C3EBFC /* Headers */ = {
			isa = PBXHeadersBuildPhase;
			buildActionMask = 2147483647;
			files = (
			);
			runOnlyForDeploymentPostprocessing = 0;
		};
		624D5F46245E9C9700C3EBFC /* Headers */ = {
			isa = PBXHeadersBuildPhase;
			buildActionMask = 2147483647;
			files = (
			);
			runOnlyForDeploymentPostprocessing = 0;
		};
/* End PBXHeadersBuildPhase section */

/* Begin PBXNativeTarget section */
		624D5F2D245E9C4700C3EBFC /* ReversiCore-iOS */ = {
			isa = PBXNativeTarget;
			buildConfigurationList = 624D5F40245E9C4700C3EBFC /* Build configuration list for PBXNativeTarget "ReversiCore-iOS" */;
			buildPhases = (
				624D5F29245E9C4700C3EBFC /* Headers */,
				624D5F2A245E9C4700C3EBFC /* Sources */,
				624D5F2B245E9C4700C3EBFC /* Frameworks */,
				624D5F2C245E9C4700C3EBFC /* Resources */,
				624D5F7D245E9CE000C3EBFC /* Embed Frameworks */,
			);
			buildRules = (
			);
			dependencies = (
			);
			name = "ReversiCore-iOS";
			productName = "ReversiCore-iOS";
			productReference = 624D5F2E245E9C4700C3EBFC /* ReversiCore.framework */;
			productType = "com.apple.product-type.framework";
		};
		624D5F4A245E9C9700C3EBFC /* ReversiCore-macOS */ = {
			isa = PBXNativeTarget;
			buildConfigurationList = 624D5F5C245E9C9700C3EBFC /* Build configuration list for PBXNativeTarget "ReversiCore-macOS" */;
			buildPhases = (
				624D5F46245E9C9700C3EBFC /* Headers */,
				624D5F47245E9C9700C3EBFC /* Sources */,
				624D5F48245E9C9700C3EBFC /* Frameworks */,
				624D5F49245E9C9700C3EBFC /* Resources */,
				624D5F84245E9D0D00C3EBFC /* Embed Frameworks */,
			);
			buildRules = (
			);
			dependencies = (
			);
			name = "ReversiCore-macOS";
			productName = "ReversiCore-macOS";
			productReference = 624D5F4B245E9C9700C3EBFC /* ReversiCore.framework */;
			productType = "com.apple.product-type.framework";
		};
		624D5F52245E9C9700C3EBFC /* ReversiCore-macOSTests */ = {
			isa = PBXNativeTarget;
			buildConfigurationList = 624D5F5F245E9C9700C3EBFC /* Build configuration list for PBXNativeTarget "ReversiCore-macOSTests" */;
			buildPhases = (
				624D5F4F245E9C9700C3EBFC /* Sources */,
				624D5F50245E9C9700C3EBFC /* Frameworks */,
				624D5F51245E9C9700C3EBFC /* Resources */,
			);
			buildRules = (
			);
			dependencies = (
				624D5F56245E9C9700C3EBFC /* PBXTargetDependency */,
			);
			name = "ReversiCore-macOSTests";
			productName = "ReversiCore-macOSTests";
			productReference = 624D5F53245E9C9700C3EBFC /* ReversiCore-macOSTests.xctest */;
			productType = "com.apple.product-type.bundle.unit-test";
		};
/* End PBXNativeTarget section */

/* Begin PBXProject section */
		624D5F17245E9BBE00C3EBFC /* Project object */ = {
			isa = PBXProject;
			attributes = {
				LastSwiftUpdateCheck = 1130;
				LastUpgradeCheck = 1130;
				TargetAttributes = {
					624D5F2D245E9C4700C3EBFC = {
						CreatedOnToolsVersion = 11.3.1;
					};
					624D5F4A245E9C9700C3EBFC = {
						CreatedOnToolsVersion = 11.3.1;
					};
					624D5F52245E9C9700C3EBFC = {
						CreatedOnToolsVersion = 11.3.1;
					};
				};
			};
			buildConfigurationList = 624D5F1A245E9BBE00C3EBFC /* Build configuration list for PBXProject "ReversiCore" */;
			compatibilityVersion = "Xcode 9.3";
			developmentRegion = en;
			hasScannedForEncodings = 0;
			knownRegions = (
				en,
				Base,
			);
			mainGroup = 624D5F16245E9BBE00C3EBFC;
			productRefGroup = 624D5F2F245E9C4700C3EBFC /* Products */;
			projectDirPath = "";
			projectRoot = "";
			targets = (
				624D5F2D245E9C4700C3EBFC /* ReversiCore-iOS */,
				624D5F4A245E9C9700C3EBFC /* ReversiCore-macOS */,
				624D5F52245E9C9700C3EBFC /* ReversiCore-macOSTests */,
			);
		};
/* End PBXProject section */

/* Begin PBXResourcesBuildPhase section */
		624D5F2C245E9C4700C3EBFC /* Resources */ = {
			isa = PBXResourcesBuildPhase;
			buildActionMask = 2147483647;
			files = (
			);
			runOnlyForDeploymentPostprocessing = 0;
		};
		624D5F49245E9C9700C3EBFC /* Resources */ = {
			isa = PBXResourcesBuildPhase;
			buildActionMask = 2147483647;
			files = (
			);
			runOnlyForDeploymentPostprocessing = 0;
		};
		624D5F51245E9C9700C3EBFC /* Resources */ = {
			isa = PBXResourcesBuildPhase;
			buildActionMask = 2147483647;
			files = (
			);
			runOnlyForDeploymentPostprocessing = 0;
		};
/* End PBXResourcesBuildPhase section */

/* Begin PBXSourcesBuildPhase section */
		624D5F2A245E9C4700C3EBFC /* Sources */ = {
			isa = PBXSourcesBuildPhase;
			buildActionMask = 2147483647;
			files = (
				62B7C52C246048BB006F58CE /* GameAutomatorAvailabilitiesModel.swift in Sources */,
				62B7C53E246048BB006F58CE /* GameModel.swift in Sources */,
				62B7C53C246048BB006F58CE /* DiskCountModel.swift in Sources */,
				62B7C52E246048BB006F58CE /* GameAutomator.swift in Sources */,
				2475E11933C964B33F33E542 /* GameResult.swift in Sources */,
				2475E953D7D3DBD334684281 /* DiskCount.swift in Sources */,
				2475EAD06A676486A03CCBD6 /* LineContents.swift in Sources */,
				2475EF367B51235EC47D6DD6 /* Board.swift in Sources */,
				2475E893CB2FF44001B96888 /* Coordinate.swift in Sources */,
				2475E6EF17E62F098970B0B2 /* Direction.swift in Sources */,
				2475E9C8AA5CEA0CC0765307 /* Turn.swift in Sources */,
				2475E2E4D050162733734321 /* DirectedDistance.swift in Sources */,
				2475E4D654D45B45F28689C9 /* NonEmptyArray.swift in Sources */,
				2475E58C580A507B3531667D /* GameCommand.swift in Sources */,
				2475EA2DFF56E9778DF700BD /* GameState.swift in Sources */,
				2475E9DB4FF6C6B0053A46EC /* Disk.swift in Sources */,
				2475EBEC42155D2FBA7E29E4 /* CoordinateSelector.swift in Sources */,
				2475EFAEF531CE6B9DBD243E /* Distance.swift in Sources */,
				2475E35DBC7C2281D30B1983 /* GameAutomatorAvailability.swift in Sources */,
				2475EE6C130A4DEFAC7D9DED /* Line.swift in Sources */,
				2475EF8F9509D67D88FCBFB8 /* GameAutomatorModel.swift in Sources */,
				2475E4F22575F850B7C96220 /* GameAutomatorAvailabilities.swift in Sources */,
				2475EA67E965FF69A64739CF /* FlippableLine.swift in Sources */,
				2475E77475B158202B330A90 /* GameWithAutomatorsModel.swift in Sources */,
				2475E78990AE8AD9178B7F60 /* AnimatedGameModel.swift in Sources */,
				2475E37B5C1642A693B92860 /* AutomatableGameModel.swift in Sources */,
				2475E8122EB35973908778FC /* GameModel+AutomatableGameModel.swift in Sources */,
				2475ED9A8D6E5CDC580968CE /* AnimatedGameModel+AutomatableGameModel.swift in Sources */,
				2475EAB67F373134F8214BCE /* Dump.swift in Sources */,
				2475E7BCEB316E3CDF7C55AA /* AnimatedGameWithAutomatorsModel.swift in Sources */,
				2475EEB04364C48AB60BE388 /* GameCommandReceivable.swift in Sources */,
				2475EE1CE215D8D8F9EEFBA1 /* ModelTracker.swift in Sources */,
				2475E0B89A65175594199125 /* UserDefaultsModel.swift in Sources */,
				2475E38D12B4C873F742C30E /* UserDefaultsKey.swift in Sources */,
				2475E8B16337CA7BFB01B78A /* UserDefaultsReader.swift in Sources */,
				2475E4500D2582E25E4D1404 /* UserDefaultsWriter.swift in Sources */,
				2475E7232375C7DA9FDEC0E9 /* UserDefaultsReadWriter.swift in Sources */,
				2475E50E0F9901E899A102AF /* UserDefaultsJSON.swift in Sources */,
				2475EFF53B4561CB1922FBC0 /* AutoBackupGameModel.swift in Sources */,
				2475E1AF01580F52E9321070 /* AutoBackupGameAutomatorAvailabilitiesModel.swift in Sources */,
				2475E96434BC04F1913015E4 /* Buffer.swift in Sources */,
				2475E863BA3C1741CB3CA264 /* DebugHub.swift in Sources */,
				2475ED8C383AA777EC6EED37 /* BoardAnimationState.swift in Sources */,
				2475EA742B816D8999E570BC /* BoardAnimationTransaction.swift in Sources */,
				2475EA777DC30A6FFF33CD2D /* BoardAnimationRequest.swift in Sources */,
			);
			runOnlyForDeploymentPostprocessing = 0;
		};
		624D5F47245E9C9700C3EBFC /* Sources */ = {
			isa = PBXSourcesBuildPhase;
			buildActionMask = 2147483647;
			files = (
				62B7C52D246048BB006F58CE /* GameAutomatorAvailabilitiesModel.swift in Sources */,
				62B7C53F246048BB006F58CE /* GameModel.swift in Sources */,
				62B7C53D246048BB006F58CE /* DiskCountModel.swift in Sources */,
				62B7C52F246048BB006F58CE /* GameAutomator.swift in Sources */,
				2475EA805ABDA244F742B325 /* GameResult.swift in Sources */,
				2475E5193FD0107A5C851BEB /* DiskCount.swift in Sources */,
				2475EDE050F9CFD12F212456 /* LineContents.swift in Sources */,
				2475E035A3CB909BCF028CA0 /* Board.swift in Sources */,
				2475E35672DA9F322D97D098 /* Coordinate.swift in Sources */,
				2475EA2504C6F6BC75996749 /* Direction.swift in Sources */,
				2475E4BDAE1C3F5BC16E907C /* Turn.swift in Sources */,
				2475EAAC29BFE3AC28779777 /* DirectedDistance.swift in Sources */,
				2475EBE2DB32B3ADA9661D8C /* NonEmptyArray.swift in Sources */,
				2475E00A8B880AF9FCB06C3E /* GameCommand.swift in Sources */,
				2475EE6A06278D28AE97C6D8 /* GameState.swift in Sources */,
				2475E58B9C5484F01BBBD194 /* Disk.swift in Sources */,
				2475E7B0D73DC312DEECE372 /* CoordinateSelector.swift in Sources */,
				2475E8DDA4C748BB7BD0282A /* Distance.swift in Sources */,
				2475E1F1567B263948555352 /* GameAutomatorAvailability.swift in Sources */,
				2475E9DEA9D16F32894FD92F /* Line.swift in Sources */,
				2475E392A5674315ED66E456 /* GameAutomatorModel.swift in Sources */,
				2475E3A47B5CFB81B779D955 /* GameAutomatorAvailabilities.swift in Sources */,
				2475E6AA931D621B29257C0E /* FlippableLine.swift in Sources */,
				2475E9F6C0476DE454759F68 /* GameWithAutomatorsModel.swift in Sources */,
				2475EA066BA84F6DFA8C0804 /* AnimatedGameModel.swift in Sources */,
				2475E468EBE2836072651A2E /* AutomatableGameModel.swift in Sources */,
				2475E159DC399070C5DC6B67 /* GameModel+AutomatableGameModel.swift in Sources */,
				2475E6835653DDC3E00178D0 /* AnimatedGameModel+AutomatableGameModel.swift in Sources */,
				2475E78D379841F10136E5A5 /* Dump.swift in Sources */,
				2475E9665E718E5841757F8E /* AnimatedGameWithAutomatorsModel.swift in Sources */,
				2475EFB6A314EBDE350B6231 /* GameCommandReceivable.swift in Sources */,
				2475EF49250CF39CF7338EEE /* ModelTracker.swift in Sources */,
				2475E17AE827ADAD8E8663D2 /* UserDefaultsModel.swift in Sources */,
				2475E3D875BE608689025D5A /* UserDefaultsKey.swift in Sources */,
				2475EAAFDF32986E479F435D /* UserDefaultsReader.swift in Sources */,
				2475E9756D1AD21DE51D8A52 /* UserDefaultsWriter.swift in Sources */,
				2475E5B7C412743C89C0AAC5 /* UserDefaultsReadWriter.swift in Sources */,
				2475EDA9A2D451370133A408 /* UserDefaultsJSON.swift in Sources */,
				2475E05736D921ED0EC7D942 /* AutoBackupGameModel.swift in Sources */,
				2475E5E8DC11BAB11EC9AB8E /* AutoBackupGameAutomatorAvailabilitiesModel.swift in Sources */,
				2475E1097110032C7546F27E /* Buffer.swift in Sources */,
				2475E091CE3E134E76EF659C /* DebugHub.swift in Sources */,
				2475E5AA623F43BA94F4FFEB /* BoardAnimationState.swift in Sources */,
				2475EA81216FC05D65F39E3E /* BoardAnimationTransaction.swift in Sources */,
				2475E51DB308346FD15DE272 /* BoardAnimationRequest.swift in Sources */,
			);
			runOnlyForDeploymentPostprocessing = 0;
		};
		624D5F4F245E9C9700C3EBFC /* Sources */ = {
			isa = PBXSourcesBuildPhase;
			buildActionMask = 2147483647;
			files = (
				2475ED129C319613E0AF8768 /* BoardTests.swift in Sources */,
				2475E36087DF5F5D0978ED38 /* GameStateTests.swift in Sources */,
				2475E6103471F2B12056D059 /* FlippableLineTests.swift in Sources */,
				2475EE9A70A94309A9280557 /* GameWithAutomatorsModelTests.swift in Sources */,
				2475E0CB031F5E488BDA389E /* BoardAnimationStateTests.swift in Sources */,
			);
			runOnlyForDeploymentPostprocessing = 0;
		};
/* End PBXSourcesBuildPhase section */

/* Begin PBXTargetDependency section */
		624D5F56245E9C9700C3EBFC /* PBXTargetDependency */ = {
			isa = PBXTargetDependency;
			target = 624D5F4A245E9C9700C3EBFC /* ReversiCore-macOS */;
			targetProxy = 624D5F55245E9C9700C3EBFC /* PBXContainerItemProxy */;
		};
/* End PBXTargetDependency section */

/* Begin XCBuildConfiguration section */
		624D5F1B245E9BBE00C3EBFC /* Debug */ = {
			isa = XCBuildConfiguration;
			buildSettings = {
				CLANG_WARN_BLOCK_CAPTURE_AUTORELEASING = YES;
				CLANG_WARN_BOOL_CONVERSION = YES;
				CLANG_WARN_COMMA = YES;
				CLANG_WARN_CONSTANT_CONVERSION = YES;
				CLANG_WARN_DEPRECATED_OBJC_IMPLEMENTATIONS = YES;
				CLANG_WARN_EMPTY_BODY = YES;
				CLANG_WARN_ENUM_CONVERSION = YES;
				CLANG_WARN_INFINITE_RECURSION = YES;
				CLANG_WARN_INT_CONVERSION = YES;
				CLANG_WARN_NON_LITERAL_NULL_CONVERSION = YES;
				CLANG_WARN_OBJC_IMPLICIT_RETAIN_SELF = YES;
				CLANG_WARN_OBJC_LITERAL_CONVERSION = YES;
				CLANG_WARN_RANGE_LOOP_ANALYSIS = YES;
				CLANG_WARN_STRICT_PROTOTYPES = YES;
				CLANG_WARN_SUSPICIOUS_MOVE = YES;
				CLANG_WARN_UNREACHABLE_CODE = YES;
				CLANG_WARN__DUPLICATE_METHOD_MATCH = YES;
				ENABLE_STRICT_OBJC_MSGSEND = YES;
				ENABLE_TESTABILITY = YES;
				GCC_NO_COMMON_BLOCKS = YES;
				GCC_WARN_64_TO_32_BIT_CONVERSION = YES;
				GCC_WARN_ABOUT_RETURN_TYPE = YES;
				GCC_WARN_UNDECLARED_SELECTOR = YES;
				GCC_WARN_UNINITIALIZED_AUTOS = YES;
				GCC_WARN_UNUSED_FUNCTION = YES;
				GCC_WARN_UNUSED_VARIABLE = YES;
				INFOPLIST_FILE = Configs/ReversiCore.plist;
				ONLY_ACTIVE_ARCH = YES;
			};
			name = Debug;
		};
		624D5F1C245E9BBE00C3EBFC /* Release */ = {
			isa = XCBuildConfiguration;
			buildSettings = {
				CLANG_WARN_BLOCK_CAPTURE_AUTORELEASING = YES;
				CLANG_WARN_BOOL_CONVERSION = YES;
				CLANG_WARN_COMMA = YES;
				CLANG_WARN_CONSTANT_CONVERSION = YES;
				CLANG_WARN_DEPRECATED_OBJC_IMPLEMENTATIONS = YES;
				CLANG_WARN_EMPTY_BODY = YES;
				CLANG_WARN_ENUM_CONVERSION = YES;
				CLANG_WARN_INFINITE_RECURSION = YES;
				CLANG_WARN_INT_CONVERSION = YES;
				CLANG_WARN_NON_LITERAL_NULL_CONVERSION = YES;
				CLANG_WARN_OBJC_IMPLICIT_RETAIN_SELF = YES;
				CLANG_WARN_OBJC_LITERAL_CONVERSION = YES;
				CLANG_WARN_RANGE_LOOP_ANALYSIS = YES;
				CLANG_WARN_STRICT_PROTOTYPES = YES;
				CLANG_WARN_SUSPICIOUS_MOVE = YES;
				CLANG_WARN_UNREACHABLE_CODE = YES;
				CLANG_WARN__DUPLICATE_METHOD_MATCH = YES;
				ENABLE_STRICT_OBJC_MSGSEND = YES;
				GCC_NO_COMMON_BLOCKS = YES;
				GCC_WARN_64_TO_32_BIT_CONVERSION = YES;
				GCC_WARN_ABOUT_RETURN_TYPE = YES;
				GCC_WARN_UNDECLARED_SELECTOR = YES;
				GCC_WARN_UNINITIALIZED_AUTOS = YES;
				GCC_WARN_UNUSED_FUNCTION = YES;
				GCC_WARN_UNUSED_VARIABLE = YES;
				INFOPLIST_FILE = Configs/ReversiCore.plist;
			};
			name = Release;
		};
		624D5F41245E9C4700C3EBFC /* Debug */ = {
			isa = XCBuildConfiguration;
			buildSettings = {
				ALWAYS_SEARCH_USER_PATHS = NO;
				CLANG_ANALYZER_NONNULL = YES;
				CLANG_ANALYZER_NUMBER_OBJECT_CONVERSION = YES_AGGRESSIVE;
				CLANG_CXX_LANGUAGE_STANDARD = "gnu++14";
				CLANG_CXX_LIBRARY = "libc++";
				CLANG_ENABLE_MODULES = YES;
				CLANG_ENABLE_OBJC_ARC = YES;
				CLANG_ENABLE_OBJC_WEAK = YES;
				CLANG_WARN_BLOCK_CAPTURE_AUTORELEASING = YES;
				CLANG_WARN_BOOL_CONVERSION = YES;
				CLANG_WARN_COMMA = YES;
				CLANG_WARN_CONSTANT_CONVERSION = YES;
				CLANG_WARN_DEPRECATED_OBJC_IMPLEMENTATIONS = YES;
				CLANG_WARN_DIRECT_OBJC_ISA_USAGE = YES_ERROR;
				CLANG_WARN_DOCUMENTATION_COMMENTS = YES;
				CLANG_WARN_EMPTY_BODY = YES;
				CLANG_WARN_ENUM_CONVERSION = YES;
				CLANG_WARN_INFINITE_RECURSION = YES;
				CLANG_WARN_INT_CONVERSION = YES;
				CLANG_WARN_NON_LITERAL_NULL_CONVERSION = YES;
				CLANG_WARN_OBJC_IMPLICIT_RETAIN_SELF = YES;
				CLANG_WARN_OBJC_LITERAL_CONVERSION = YES;
				CLANG_WARN_OBJC_ROOT_CLASS = YES_ERROR;
				CLANG_WARN_RANGE_LOOP_ANALYSIS = YES;
				CLANG_WARN_STRICT_PROTOTYPES = YES;
				CLANG_WARN_SUSPICIOUS_MOVE = YES;
				CLANG_WARN_UNGUARDED_AVAILABILITY = YES_AGGRESSIVE;
				CLANG_WARN_UNREACHABLE_CODE = YES;
				CLANG_WARN__DUPLICATE_METHOD_MATCH = YES;
				CODE_SIGN_STYLE = Automatic;
				COPY_PHASE_STRIP = NO;
				CURRENT_PROJECT_VERSION = 1;
				DEBUG_INFORMATION_FORMAT = dwarf;
				DEFINES_MODULE = YES;
				DYLIB_COMPATIBILITY_VERSION = 1;
				DYLIB_CURRENT_VERSION = 1;
				DYLIB_INSTALL_NAME_BASE = "@rpath";
				ENABLE_STRICT_OBJC_MSGSEND = YES;
				ENABLE_TESTABILITY = YES;
				GCC_C_LANGUAGE_STANDARD = gnu11;
				GCC_DYNAMIC_NO_PIC = NO;
				GCC_NO_COMMON_BLOCKS = YES;
				GCC_OPTIMIZATION_LEVEL = 0;
				GCC_PREPROCESSOR_DEFINITIONS = (
					"DEBUG=1",
					"$(inherited)",
				);
				GCC_WARN_64_TO_32_BIT_CONVERSION = YES;
				GCC_WARN_ABOUT_RETURN_TYPE = YES_ERROR;
				GCC_WARN_UNDECLARED_SELECTOR = YES;
				GCC_WARN_UNINITIALIZED_AUTOS = YES_AGGRESSIVE;
				GCC_WARN_UNUSED_FUNCTION = YES;
				GCC_WARN_UNUSED_VARIABLE = YES;
				INFOPLIST_FILE = "$(inherited)";
				INSTALL_PATH = "$(LOCAL_LIBRARY_DIR)/Frameworks";
				IPHONEOS_DEPLOYMENT_TARGET = 13.2;
				LD_RUNPATH_SEARCH_PATHS = (
					"$(inherited)",
					"@executable_path/Frameworks",
					"@loader_path/Frameworks",
				);
				MTL_ENABLE_DEBUG_INFO = INCLUDE_SOURCE;
				MTL_FAST_MATH = YES;
				ONLY_ACTIVE_ARCH = YES;
				PRODUCT_BUNDLE_IDENTIFIER = "com.kuniwak.ReversiCore-iOS";
				PRODUCT_NAME = ReversiCore;
				SDKROOT = iphoneos;
				SKIP_INSTALL = YES;
				SWIFT_ACTIVE_COMPILATION_CONDITIONS = DEBUG;
				SWIFT_OPTIMIZATION_LEVEL = "-Onone";
				SWIFT_VERSION = 5.0;
				TARGETED_DEVICE_FAMILY = "1,2";
				VERSIONING_SYSTEM = "apple-generic";
				VERSION_INFO_PREFIX = "";
			};
			name = Debug;
		};
		624D5F42245E9C4700C3EBFC /* Release */ = {
			isa = XCBuildConfiguration;
			buildSettings = {
				ALWAYS_SEARCH_USER_PATHS = NO;
				CLANG_ANALYZER_NONNULL = YES;
				CLANG_ANALYZER_NUMBER_OBJECT_CONVERSION = YES_AGGRESSIVE;
				CLANG_CXX_LANGUAGE_STANDARD = "gnu++14";
				CLANG_CXX_LIBRARY = "libc++";
				CLANG_ENABLE_MODULES = YES;
				CLANG_ENABLE_OBJC_ARC = YES;
				CLANG_ENABLE_OBJC_WEAK = YES;
				CLANG_WARN_BLOCK_CAPTURE_AUTORELEASING = YES;
				CLANG_WARN_BOOL_CONVERSION = YES;
				CLANG_WARN_COMMA = YES;
				CLANG_WARN_CONSTANT_CONVERSION = YES;
				CLANG_WARN_DEPRECATED_OBJC_IMPLEMENTATIONS = YES;
				CLANG_WARN_DIRECT_OBJC_ISA_USAGE = YES_ERROR;
				CLANG_WARN_DOCUMENTATION_COMMENTS = YES;
				CLANG_WARN_EMPTY_BODY = YES;
				CLANG_WARN_ENUM_CONVERSION = YES;
				CLANG_WARN_INFINITE_RECURSION = YES;
				CLANG_WARN_INT_CONVERSION = YES;
				CLANG_WARN_NON_LITERAL_NULL_CONVERSION = YES;
				CLANG_WARN_OBJC_IMPLICIT_RETAIN_SELF = YES;
				CLANG_WARN_OBJC_LITERAL_CONVERSION = YES;
				CLANG_WARN_OBJC_ROOT_CLASS = YES_ERROR;
				CLANG_WARN_RANGE_LOOP_ANALYSIS = YES;
				CLANG_WARN_STRICT_PROTOTYPES = YES;
				CLANG_WARN_SUSPICIOUS_MOVE = YES;
				CLANG_WARN_UNGUARDED_AVAILABILITY = YES_AGGRESSIVE;
				CLANG_WARN_UNREACHABLE_CODE = YES;
				CLANG_WARN__DUPLICATE_METHOD_MATCH = YES;
				CODE_SIGN_STYLE = Automatic;
				COPY_PHASE_STRIP = NO;
				CURRENT_PROJECT_VERSION = 1;
				DEBUG_INFORMATION_FORMAT = "dwarf-with-dsym";
				DEFINES_MODULE = YES;
				DYLIB_COMPATIBILITY_VERSION = 1;
				DYLIB_CURRENT_VERSION = 1;
				DYLIB_INSTALL_NAME_BASE = "@rpath";
				ENABLE_NS_ASSERTIONS = NO;
				ENABLE_STRICT_OBJC_MSGSEND = YES;
				GCC_C_LANGUAGE_STANDARD = gnu11;
				GCC_NO_COMMON_BLOCKS = YES;
				GCC_WARN_64_TO_32_BIT_CONVERSION = YES;
				GCC_WARN_ABOUT_RETURN_TYPE = YES_ERROR;
				GCC_WARN_UNDECLARED_SELECTOR = YES;
				GCC_WARN_UNINITIALIZED_AUTOS = YES_AGGRESSIVE;
				GCC_WARN_UNUSED_FUNCTION = YES;
				GCC_WARN_UNUSED_VARIABLE = YES;
				INFOPLIST_FILE = "$(inherited)";
				INSTALL_PATH = "$(LOCAL_LIBRARY_DIR)/Frameworks";
				IPHONEOS_DEPLOYMENT_TARGET = 13.2;
				LD_RUNPATH_SEARCH_PATHS = (
					"$(inherited)",
					"@executable_path/Frameworks",
					"@loader_path/Frameworks",
				);
				MTL_ENABLE_DEBUG_INFO = NO;
				MTL_FAST_MATH = YES;
				PRODUCT_BUNDLE_IDENTIFIER = "com.kuniwak.ReversiCore-iOS";
				PRODUCT_NAME = ReversiCore;
				SDKROOT = iphoneos;
				SKIP_INSTALL = YES;
				SWIFT_COMPILATION_MODE = wholemodule;
				SWIFT_OPTIMIZATION_LEVEL = "-O";
				SWIFT_VERSION = 5.0;
				TARGETED_DEVICE_FAMILY = "1,2";
				VALIDATE_PRODUCT = YES;
				VERSIONING_SYSTEM = "apple-generic";
				VERSION_INFO_PREFIX = "";
			};
			name = Release;
		};
		624D5F5D245E9C9700C3EBFC /* Debug */ = {
			isa = XCBuildConfiguration;
			buildSettings = {
				ALWAYS_SEARCH_USER_PATHS = NO;
				CLANG_ANALYZER_NONNULL = YES;
				CLANG_ANALYZER_NUMBER_OBJECT_CONVERSION = YES_AGGRESSIVE;
				CLANG_CXX_LANGUAGE_STANDARD = "gnu++14";
				CLANG_CXX_LIBRARY = "libc++";
				CLANG_ENABLE_MODULES = YES;
				CLANG_ENABLE_OBJC_ARC = YES;
				CLANG_ENABLE_OBJC_WEAK = YES;
				CLANG_WARN_BLOCK_CAPTURE_AUTORELEASING = YES;
				CLANG_WARN_BOOL_CONVERSION = YES;
				CLANG_WARN_COMMA = YES;
				CLANG_WARN_CONSTANT_CONVERSION = YES;
				CLANG_WARN_DEPRECATED_OBJC_IMPLEMENTATIONS = YES;
				CLANG_WARN_DIRECT_OBJC_ISA_USAGE = YES_ERROR;
				CLANG_WARN_DOCUMENTATION_COMMENTS = YES;
				CLANG_WARN_EMPTY_BODY = YES;
				CLANG_WARN_ENUM_CONVERSION = YES;
				CLANG_WARN_INFINITE_RECURSION = YES;
				CLANG_WARN_INT_CONVERSION = YES;
				CLANG_WARN_NON_LITERAL_NULL_CONVERSION = YES;
				CLANG_WARN_OBJC_IMPLICIT_RETAIN_SELF = YES;
				CLANG_WARN_OBJC_LITERAL_CONVERSION = YES;
				CLANG_WARN_OBJC_ROOT_CLASS = YES_ERROR;
				CLANG_WARN_RANGE_LOOP_ANALYSIS = YES;
				CLANG_WARN_STRICT_PROTOTYPES = YES;
				CLANG_WARN_SUSPICIOUS_MOVE = YES;
				CLANG_WARN_UNGUARDED_AVAILABILITY = YES_AGGRESSIVE;
				CLANG_WARN_UNREACHABLE_CODE = YES;
				CLANG_WARN__DUPLICATE_METHOD_MATCH = YES;
				CODE_SIGN_STYLE = Automatic;
				COMBINE_HIDPI_IMAGES = YES;
				COPY_PHASE_STRIP = NO;
				CURRENT_PROJECT_VERSION = 1;
				DEBUG_INFORMATION_FORMAT = dwarf;
				DEFINES_MODULE = YES;
				DYLIB_COMPATIBILITY_VERSION = 1;
				DYLIB_CURRENT_VERSION = 1;
				DYLIB_INSTALL_NAME_BASE = "@rpath";
				ENABLE_STRICT_OBJC_MSGSEND = YES;
				ENABLE_TESTABILITY = YES;
				GCC_C_LANGUAGE_STANDARD = gnu11;
				GCC_DYNAMIC_NO_PIC = NO;
				GCC_NO_COMMON_BLOCKS = YES;
				GCC_OPTIMIZATION_LEVEL = 0;
				GCC_PREPROCESSOR_DEFINITIONS = (
					"DEBUG=1",
					"$(inherited)",
				);
				GCC_WARN_64_TO_32_BIT_CONVERSION = YES;
				GCC_WARN_ABOUT_RETURN_TYPE = YES_ERROR;
				GCC_WARN_UNDECLARED_SELECTOR = YES;
				GCC_WARN_UNINITIALIZED_AUTOS = YES_AGGRESSIVE;
				GCC_WARN_UNUSED_FUNCTION = YES;
				GCC_WARN_UNUSED_VARIABLE = YES;
				INFOPLIST_FILE = "$(inherited)";
				INSTALL_PATH = "$(LOCAL_LIBRARY_DIR)/Frameworks";
				LD_RUNPATH_SEARCH_PATHS = (
					"$(inherited)",
					"@executable_path/../Frameworks",
					"@loader_path/Frameworks",
				);
				MACOSX_DEPLOYMENT_TARGET = 10.14;
				MTL_ENABLE_DEBUG_INFO = INCLUDE_SOURCE;
				MTL_FAST_MATH = YES;
				ONLY_ACTIVE_ARCH = YES;
				PRODUCT_BUNDLE_IDENTIFIER = com.kuniwak.ReversiCore;
				PRODUCT_NAME = ReversiCore;
				SDKROOT = macosx;
				SKIP_INSTALL = YES;
				SWIFT_ACTIVE_COMPILATION_CONDITIONS = DEBUG;
				SWIFT_OPTIMIZATION_LEVEL = "-Onone";
				SWIFT_VERSION = 5.0;
				VERSIONING_SYSTEM = "apple-generic";
				VERSION_INFO_PREFIX = "";
			};
			name = Debug;
		};
		624D5F5E245E9C9700C3EBFC /* Release */ = {
			isa = XCBuildConfiguration;
			buildSettings = {
				ALWAYS_SEARCH_USER_PATHS = NO;
				CLANG_ANALYZER_NONNULL = YES;
				CLANG_ANALYZER_NUMBER_OBJECT_CONVERSION = YES_AGGRESSIVE;
				CLANG_CXX_LANGUAGE_STANDARD = "gnu++14";
				CLANG_CXX_LIBRARY = "libc++";
				CLANG_ENABLE_MODULES = YES;
				CLANG_ENABLE_OBJC_ARC = YES;
				CLANG_ENABLE_OBJC_WEAK = YES;
				CLANG_WARN_BLOCK_CAPTURE_AUTORELEASING = YES;
				CLANG_WARN_BOOL_CONVERSION = YES;
				CLANG_WARN_COMMA = YES;
				CLANG_WARN_CONSTANT_CONVERSION = YES;
				CLANG_WARN_DEPRECATED_OBJC_IMPLEMENTATIONS = YES;
				CLANG_WARN_DIRECT_OBJC_ISA_USAGE = YES_ERROR;
				CLANG_WARN_DOCUMENTATION_COMMENTS = YES;
				CLANG_WARN_EMPTY_BODY = YES;
				CLANG_WARN_ENUM_CONVERSION = YES;
				CLANG_WARN_INFINITE_RECURSION = YES;
				CLANG_WARN_INT_CONVERSION = YES;
				CLANG_WARN_NON_LITERAL_NULL_CONVERSION = YES;
				CLANG_WARN_OBJC_IMPLICIT_RETAIN_SELF = YES;
				CLANG_WARN_OBJC_LITERAL_CONVERSION = YES;
				CLANG_WARN_OBJC_ROOT_CLASS = YES_ERROR;
				CLANG_WARN_RANGE_LOOP_ANALYSIS = YES;
				CLANG_WARN_STRICT_PROTOTYPES = YES;
				CLANG_WARN_SUSPICIOUS_MOVE = YES;
				CLANG_WARN_UNGUARDED_AVAILABILITY = YES_AGGRESSIVE;
				CLANG_WARN_UNREACHABLE_CODE = YES;
				CLANG_WARN__DUPLICATE_METHOD_MATCH = YES;
				CODE_SIGN_STYLE = Automatic;
				COMBINE_HIDPI_IMAGES = YES;
				COPY_PHASE_STRIP = NO;
				CURRENT_PROJECT_VERSION = 1;
				DEBUG_INFORMATION_FORMAT = "dwarf-with-dsym";
				DEFINES_MODULE = YES;
				DYLIB_COMPATIBILITY_VERSION = 1;
				DYLIB_CURRENT_VERSION = 1;
				DYLIB_INSTALL_NAME_BASE = "@rpath";
				ENABLE_NS_ASSERTIONS = NO;
				ENABLE_STRICT_OBJC_MSGSEND = YES;
				GCC_C_LANGUAGE_STANDARD = gnu11;
				GCC_NO_COMMON_BLOCKS = YES;
				GCC_WARN_64_TO_32_BIT_CONVERSION = YES;
				GCC_WARN_ABOUT_RETURN_TYPE = YES_ERROR;
				GCC_WARN_UNDECLARED_SELECTOR = YES;
				GCC_WARN_UNINITIALIZED_AUTOS = YES_AGGRESSIVE;
				GCC_WARN_UNUSED_FUNCTION = YES;
				GCC_WARN_UNUSED_VARIABLE = YES;
				INFOPLIST_FILE = "$(inherited)";
				INSTALL_PATH = "$(LOCAL_LIBRARY_DIR)/Frameworks";
				LD_RUNPATH_SEARCH_PATHS = (
					"$(inherited)",
					"@executable_path/../Frameworks",
					"@loader_path/Frameworks",
				);
				MACOSX_DEPLOYMENT_TARGET = 10.14;
				MTL_ENABLE_DEBUG_INFO = NO;
				MTL_FAST_MATH = YES;
				PRODUCT_BUNDLE_IDENTIFIER = com.kuniwak.ReversiCore;
				PRODUCT_NAME = ReversiCore;
				SDKROOT = macosx;
				SKIP_INSTALL = YES;
				SWIFT_COMPILATION_MODE = wholemodule;
				SWIFT_OPTIMIZATION_LEVEL = "-O";
				SWIFT_VERSION = 5.0;
				VERSIONING_SYSTEM = "apple-generic";
				VERSION_INFO_PREFIX = "";
			};
			name = Release;
		};
		624D5F60245E9C9700C3EBFC /* Debug */ = {
			isa = XCBuildConfiguration;
			buildSettings = {
				ALWAYS_EMBED_SWIFT_STANDARD_LIBRARIES = YES;
				ALWAYS_SEARCH_USER_PATHS = NO;
				CLANG_ANALYZER_NONNULL = YES;
				CLANG_ANALYZER_NUMBER_OBJECT_CONVERSION = YES_AGGRESSIVE;
				CLANG_CXX_LANGUAGE_STANDARD = "gnu++14";
				CLANG_CXX_LIBRARY = "libc++";
				CLANG_ENABLE_MODULES = YES;
				CLANG_ENABLE_OBJC_ARC = YES;
				CLANG_ENABLE_OBJC_WEAK = YES;
				CLANG_WARN_BLOCK_CAPTURE_AUTORELEASING = YES;
				CLANG_WARN_BOOL_CONVERSION = YES;
				CLANG_WARN_COMMA = YES;
				CLANG_WARN_CONSTANT_CONVERSION = YES;
				CLANG_WARN_DEPRECATED_OBJC_IMPLEMENTATIONS = YES;
				CLANG_WARN_DIRECT_OBJC_ISA_USAGE = YES_ERROR;
				CLANG_WARN_DOCUMENTATION_COMMENTS = YES;
				CLANG_WARN_EMPTY_BODY = YES;
				CLANG_WARN_ENUM_CONVERSION = YES;
				CLANG_WARN_INFINITE_RECURSION = YES;
				CLANG_WARN_INT_CONVERSION = YES;
				CLANG_WARN_NON_LITERAL_NULL_CONVERSION = YES;
				CLANG_WARN_OBJC_IMPLICIT_RETAIN_SELF = YES;
				CLANG_WARN_OBJC_LITERAL_CONVERSION = YES;
				CLANG_WARN_OBJC_ROOT_CLASS = YES_ERROR;
				CLANG_WARN_RANGE_LOOP_ANALYSIS = YES;
				CLANG_WARN_STRICT_PROTOTYPES = YES;
				CLANG_WARN_SUSPICIOUS_MOVE = YES;
				CLANG_WARN_UNGUARDED_AVAILABILITY = YES_AGGRESSIVE;
				CLANG_WARN_UNREACHABLE_CODE = YES;
				CLANG_WARN__DUPLICATE_METHOD_MATCH = YES;
				CODE_SIGN_STYLE = Automatic;
				COMBINE_HIDPI_IMAGES = YES;
				COPY_PHASE_STRIP = NO;
				DEBUG_INFORMATION_FORMAT = dwarf;
				ENABLE_STRICT_OBJC_MSGSEND = YES;
				ENABLE_TESTABILITY = YES;
				GCC_C_LANGUAGE_STANDARD = gnu11;
				GCC_DYNAMIC_NO_PIC = NO;
				GCC_NO_COMMON_BLOCKS = YES;
				GCC_OPTIMIZATION_LEVEL = 0;
				GCC_PREPROCESSOR_DEFINITIONS = (
					"DEBUG=1",
					"$(inherited)",
				);
				GCC_WARN_64_TO_32_BIT_CONVERSION = YES;
				GCC_WARN_ABOUT_RETURN_TYPE = YES_ERROR;
				GCC_WARN_UNDECLARED_SELECTOR = YES;
				GCC_WARN_UNINITIALIZED_AUTOS = YES_AGGRESSIVE;
				GCC_WARN_UNUSED_FUNCTION = YES;
				GCC_WARN_UNUSED_VARIABLE = YES;
				INFOPLIST_FILE = Configs/ReversiCoreTests.plist;
				LD_RUNPATH_SEARCH_PATHS = (
					"$(inherited)",
					"@executable_path/../Frameworks",
					"@loader_path/../Frameworks",
				);
				MACOSX_DEPLOYMENT_TARGET = 10.14;
				MTL_ENABLE_DEBUG_INFO = INCLUDE_SOURCE;
				MTL_FAST_MATH = YES;
				ONLY_ACTIVE_ARCH = YES;
				PRODUCT_BUNDLE_IDENTIFIER = "com.kuniwak.ReversiCore-macOSTests";
				PRODUCT_NAME = "$(TARGET_NAME)";
				SDKROOT = macosx;
				SWIFT_ACTIVE_COMPILATION_CONDITIONS = DEBUG;
				SWIFT_OPTIMIZATION_LEVEL = "-Onone";
				SWIFT_VERSION = 5.0;
			};
			name = Debug;
		};
		624D5F61245E9C9700C3EBFC /* Release */ = {
			isa = XCBuildConfiguration;
			buildSettings = {
				ALWAYS_EMBED_SWIFT_STANDARD_LIBRARIES = YES;
				ALWAYS_SEARCH_USER_PATHS = NO;
				CLANG_ANALYZER_NONNULL = YES;
				CLANG_ANALYZER_NUMBER_OBJECT_CONVERSION = YES_AGGRESSIVE;
				CLANG_CXX_LANGUAGE_STANDARD = "gnu++14";
				CLANG_CXX_LIBRARY = "libc++";
				CLANG_ENABLE_MODULES = YES;
				CLANG_ENABLE_OBJC_ARC = YES;
				CLANG_ENABLE_OBJC_WEAK = YES;
				CLANG_WARN_BLOCK_CAPTURE_AUTORELEASING = YES;
				CLANG_WARN_BOOL_CONVERSION = YES;
				CLANG_WARN_COMMA = YES;
				CLANG_WARN_CONSTANT_CONVERSION = YES;
				CLANG_WARN_DEPRECATED_OBJC_IMPLEMENTATIONS = YES;
				CLANG_WARN_DIRECT_OBJC_ISA_USAGE = YES_ERROR;
				CLANG_WARN_DOCUMENTATION_COMMENTS = YES;
				CLANG_WARN_EMPTY_BODY = YES;
				CLANG_WARN_ENUM_CONVERSION = YES;
				CLANG_WARN_INFINITE_RECURSION = YES;
				CLANG_WARN_INT_CONVERSION = YES;
				CLANG_WARN_NON_LITERAL_NULL_CONVERSION = YES;
				CLANG_WARN_OBJC_IMPLICIT_RETAIN_SELF = YES;
				CLANG_WARN_OBJC_LITERAL_CONVERSION = YES;
				CLANG_WARN_OBJC_ROOT_CLASS = YES_ERROR;
				CLANG_WARN_RANGE_LOOP_ANALYSIS = YES;
				CLANG_WARN_STRICT_PROTOTYPES = YES;
				CLANG_WARN_SUSPICIOUS_MOVE = YES;
				CLANG_WARN_UNGUARDED_AVAILABILITY = YES_AGGRESSIVE;
				CLANG_WARN_UNREACHABLE_CODE = YES;
				CLANG_WARN__DUPLICATE_METHOD_MATCH = YES;
				CODE_SIGN_STYLE = Automatic;
				COMBINE_HIDPI_IMAGES = YES;
				COPY_PHASE_STRIP = NO;
				DEBUG_INFORMATION_FORMAT = "dwarf-with-dsym";
				ENABLE_NS_ASSERTIONS = NO;
				ENABLE_STRICT_OBJC_MSGSEND = YES;
				GCC_C_LANGUAGE_STANDARD = gnu11;
				GCC_NO_COMMON_BLOCKS = YES;
				GCC_WARN_64_TO_32_BIT_CONVERSION = YES;
				GCC_WARN_ABOUT_RETURN_TYPE = YES_ERROR;
				GCC_WARN_UNDECLARED_SELECTOR = YES;
				GCC_WARN_UNINITIALIZED_AUTOS = YES_AGGRESSIVE;
				GCC_WARN_UNUSED_FUNCTION = YES;
				GCC_WARN_UNUSED_VARIABLE = YES;
				INFOPLIST_FILE = Configs/ReversiCoreTests.plist;
				LD_RUNPATH_SEARCH_PATHS = (
					"$(inherited)",
					"@executable_path/../Frameworks",
					"@loader_path/../Frameworks",
				);
				MACOSX_DEPLOYMENT_TARGET = 10.14;
				MTL_ENABLE_DEBUG_INFO = NO;
				MTL_FAST_MATH = YES;
				PRODUCT_BUNDLE_IDENTIFIER = "com.kuniwak.ReversiCore-macOSTests";
				PRODUCT_NAME = "$(TARGET_NAME)";
				SDKROOT = macosx;
				SWIFT_COMPILATION_MODE = wholemodule;
				SWIFT_OPTIMIZATION_LEVEL = "-O";
				SWIFT_VERSION = 5.0;
			};
			name = Release;
		};
/* End XCBuildConfiguration section */

/* Begin XCConfigurationList section */
		624D5F1A245E9BBE00C3EBFC /* Build configuration list for PBXProject "ReversiCore" */ = {
			isa = XCConfigurationList;
			buildConfigurations = (
				624D5F1B245E9BBE00C3EBFC /* Debug */,
				624D5F1C245E9BBE00C3EBFC /* Release */,
			);
			defaultConfigurationIsVisible = 0;
			defaultConfigurationName = Release;
		};
		624D5F40245E9C4700C3EBFC /* Build configuration list for PBXNativeTarget "ReversiCore-iOS" */ = {
			isa = XCConfigurationList;
			buildConfigurations = (
				624D5F41245E9C4700C3EBFC /* Debug */,
				624D5F42245E9C4700C3EBFC /* Release */,
			);
			defaultConfigurationIsVisible = 0;
			defaultConfigurationName = Release;
		};
		624D5F5C245E9C9700C3EBFC /* Build configuration list for PBXNativeTarget "ReversiCore-macOS" */ = {
			isa = XCConfigurationList;
			buildConfigurations = (
				624D5F5D245E9C9700C3EBFC /* Debug */,
				624D5F5E245E9C9700C3EBFC /* Release */,
			);
			defaultConfigurationIsVisible = 0;
			defaultConfigurationName = Release;
		};
		624D5F5F245E9C9700C3EBFC /* Build configuration list for PBXNativeTarget "ReversiCore-macOSTests" */ = {
			isa = XCConfigurationList;
			buildConfigurations = (
				624D5F60245E9C9700C3EBFC /* Debug */,
				624D5F61245E9C9700C3EBFC /* Release */,
			);
			defaultConfigurationIsVisible = 0;
			defaultConfigurationName = Release;
		};
/* End XCConfigurationList section */
	};
	rootObject = 624D5F17245E9BBE00C3EBFC /* Project object */;
}
